
Microsoft Visual Studio Solution File, Format Version 12.00
# Visual Studio Version 17
VisualStudioVersion = 17.8.34601.278
MinimumVisualStudioVersion = 10.0.40219.1
Project("{2150E333-8FDC-42A3-9474-1A3956D46DE8}") = "Solution Items", "Solution Items", "{2564D474-360A-489C-96A0-29A16716C37C}"
	ProjectSection(SolutionItems) = preProject
		.gitattributes = .gitattributes
		.gitignore = .gitignore
		.prettierrc = .prettierrc
		common.props = common.props
		common.test.props = common.test.props
		configureawait.props = configureawait.props
		Directory.Build.props = Directory.Build.props
		Directory.Packages.props = Directory.Packages.props
		global.json = global.json
		LICENSE = LICENSE
		NuGet.Config = NuGet.Config
		README.md = README.md
		README_zh.md = README_zh.md
	EndProjectSection
EndProject
Project("{9A19103F-16F7-4668-BE54-9A1E7A4F7556}") = "Panda.Net.Domain", "src\Panda.Net.Domain\Panda.Net.Domain.csproj", "{554AD327-6DBA-4F8F-96F8-81CE7A0C863F}"
EndProject
Project("{9A19103F-16F7-4668-BE54-9A1E7A4F7556}") = "Panda.Net.Application", "src\Panda.Net.Application\Panda.Net.Application.csproj", "{1A94A50E-06DC-43C1-80B5-B662820EC3EB}"
EndProject
Project("{9A19103F-16F7-4668-BE54-9A1E7A4F7556}") = "Panda.Net.EntityFrameworkCore", "src\Panda.Net.EntityFrameworkCore\Panda.Net.EntityFrameworkCore.csproj", "{C956DD76-69C8-4A9C-83EA-D17DF83340FD}"
EndProject
Project("{2150E333-8FDC-42A3-9474-1A3956D46DE8}") = "src", "src", "{CA9AC87F-097E-4F15-8393-4BC07735A5B0}"
EndProject
Project("{2150E333-8FDC-42A3-9474-1A3956D46DE8}") = "test", "test", "{04DBDB01-70F4-4E06-B468-8F87850B22BE}"
EndProject
Project("{9A19103F-16F7-4668-BE54-9A1E7A4F7556}") = "Panda.Net.Application.Tests", "test\Panda.Net.Application.Tests\Panda.Net.Application.Tests.csproj", "{50B2631D-129C-47B3-A587-029CCD6099BC}"
EndProject
Project("{9A19103F-16F7-4668-BE54-9A1E7A4F7556}") = "Panda.Net.Domain.Shared", "src\Panda.Net.Domain.Shared\Panda.Net.Domain.Shared.csproj", "{42F719ED-8413-4895-B5B4-5AB56079BC66}"
EndProject
Project("{9A19103F-16F7-4668-BE54-9A1E7A4F7556}") = "Panda.Net.Application.Contracts", "src\Panda.Net.Application.Contracts\Panda.Net.Application.Contracts.csproj", "{520659C8-C734-4298-A3DA-B539DB9DFC0B}"
EndProject
Project("{9A19103F-16F7-4668-BE54-9A1E7A4F7556}") = "Panda.Net.HttpApi", "src\Panda.Net.HttpApi\Panda.Net.HttpApi.csproj", "{4164BDF7-F527-4E85-9CE6-E3C2D7426A27}"
EndProject
Project("{9A19103F-16F7-4668-BE54-9A1E7A4F7556}") = "Panda.Net.HttpApi.Client", "src\Panda.Net.HttpApi.Client\Panda.Net.HttpApi.Client.csproj", "{3B5A0094-670D-4BB1-BFDD-61B88A8773DC}"
EndProject
Project("{9A19103F-16F7-4668-BE54-9A1E7A4F7556}") = "Panda.Net.AuthServer", "src\Panda.Net.AuthServer\Panda.Net.AuthServer.csproj", "{073C361E-B8F4-49F5-93CC-72A3FF49C026}"
EndProject
Project("{9A19103F-16F7-4668-BE54-9A1E7A4F7556}") = "Panda.Net.HttpApi.Host", "src\Panda.Net.HttpApi.Host\Panda.Net.HttpApi.Host.csproj", "{E6D5BF0E-DE92-4D82-A352-EF04B37CB11C}"
EndProject
Project("{9A19103F-16F7-4668-BE54-9A1E7A4F7556}") = "Panda.Net.EntityFrameworkCore.Tests", "test\Panda.Net.EntityFrameworkCore.Tests\Panda.Net.EntityFrameworkCore.Tests.csproj", "{1FE30EB9-74A9-47F5-A9F6-7B1FAB672D81}"
EndProject
Project("{9A19103F-16F7-4668-BE54-9A1E7A4F7556}") = "Panda.Net.TestBase", "test\Panda.Net.TestBase\Panda.Net.TestBase.csproj", "{91853F21-9CD9-4132-BC29-A7D5D84FFFE7}"
EndProject
Project("{9A19103F-16F7-4668-BE54-9A1E7A4F7556}") = "Panda.Net.Domain.Tests", "test\Panda.Net.Domain.Tests\Panda.Net.Domain.Tests.csproj", "{E512F4D9-9375-480F-A2F6-A46509F9D824}"
EndProject
Project("{9A19103F-16F7-4668-BE54-9A1E7A4F7556}") = "Panda.Net.HttpApi.Client.ConsoleTestApp", "test\Panda.Net.HttpApi.Client.ConsoleTestApp\Panda.Net.HttpApi.Client.ConsoleTestApp.csproj", "{EF480016-9127-4916-8735-D2466BDBC582}"
EndProject
Project("{9A19103F-16F7-4668-BE54-9A1E7A4F7556}") = "Panda.Net.DbMigrator", "src\Panda.Net.DbMigrator\Panda.Net.DbMigrator.csproj", "{AA94D832-1CCC-4715-95A9-A483F23A1A5D}"
EndProject
Project("{9A19103F-16F7-4668-BE54-9A1E7A4F7556}") = "Panda.Net.Console", "test\Panda.Net.Console\Panda.Net.Console.csproj", "{46114450-4480-4B52-9617-710B7171B77F}"
EndProject
Project("{2150E333-8FDC-42A3-9474-1A3956D46DE8}") = "client", "client", "{8A0C4957-E914-4329-BBF1-0B56FC9941FE}"
	ProjectSection(SolutionItems) = preProject
		test\client\Index.html = test\client\Index.html
		test\client\signalr.js = test\client\signalr.js
	EndProjectSection
EndProject
Project("{2150E333-8FDC-42A3-9474-1A3956D46DE8}") = "module", "module", "{C5F8CF87-FF4A-407A-929D-516DAC5A9D1D}"
EndProject
Project("{9A19103F-16F7-4668-BE54-9A1E7A4F7556}") = "Panda.Net.WsApi", "src\Panda.Net.WsApi\Panda.Net.WsApi.csproj", "{A84C5AFE-D081-4394-A526-54F62FDB9B01}"
EndProject
Project("{2150E333-8FDC-42A3-9474-1A3956D46DE8}") = "messaging", "messaging", "{21C67B39-4415-4FA0-8596-8535DF7E9A3F}"
EndProject
Project("{9A19103F-16F7-4668-BE54-9A1E7A4F7556}") = "Panda.Messaging.Application", "module\messaging\Panda.Messaging.Application\Panda.Messaging.Application.csproj", "{376288B4-3E54-4B13-BC4D-9BB303A91B13}"
EndProject
Project("{9A19103F-16F7-4668-BE54-9A1E7A4F7556}") = "Panda.Messaging.Application.Contracts", "module\messaging\Panda.Messaging.Application.Contracts\Panda.Messaging.Application.Contracts.csproj", "{861127ED-40D4-4AA8-9CFE-25C206F449F5}"
EndProject
Project("{9A19103F-16F7-4668-BE54-9A1E7A4F7556}") = "Panda.Messaging.Domain", "module\messaging\Panda.Messaging.Domain\Panda.Messaging.Domain.csproj", "{68B14828-7266-445D-86C6-330F8AFBFC4B}"
EndProject
Project("{9A19103F-16F7-4668-BE54-9A1E7A4F7556}") = "Panda.Messaging.Domain.Shared", "module\messaging\Panda.Messaging.Domain.Shared\Panda.Messaging.Domain.Shared.csproj", "{1A53814E-FC62-40FE-9814-E8F687FE2C99}"
EndProject
Project("{9A19103F-16F7-4668-BE54-9A1E7A4F7556}") = "Panda.Messaging.EntityFrameworkCore", "module\messaging\Panda.Messaging.EntityFrameworkCore\Panda.Messaging.EntityFrameworkCore.csproj", "{FFAD0449-B7B9-470A-B39F-2C60C9859DD5}"
EndProject
Project("{2150E333-8FDC-42A3-9474-1A3956D46DE8}") = "workflow", "workflow", "{73622126-E598-43DF-B9F5-ADFDD04FA016}"
EndProject
Project("{9A19103F-16F7-4668-BE54-9A1E7A4F7556}") = "Abp.Workflow", "module\workflow\Abp.Workflow\Abp.Workflow.csproj", "{AC1BC9EB-7092-4BA1-9963-FEC9286F496F}"
EndProject
Project("{9A19103F-16F7-4668-BE54-9A1E7A4F7556}") = "Abp.WorkflowCore", "module\workflow\Abp.WorkflowCore\Abp.WorkflowCore.csproj", "{FA585467-8179-4695-AE7A-51E677127381}"
EndProject
Project("{9A19103F-16F7-4668-BE54-9A1E7A4F7556}") = "Abp.WorkflowCore.Persistence.EntityFrameworkCore", "module\workflow\Abp.WorkflowCore.Persistence.EntityFrameworkCore\Abp.WorkflowCore.Persistence.EntityFrameworkCore.csproj", "{6622041F-BC7C-408D-9563-4957B87664BD}"
EndProject
Project("{9A19103F-16F7-4668-BE54-9A1E7A4F7556}") = "Panda.Workflow.EntityFrameworkCore", "module\workflow\Panda.Workflow.EntityFrameworkCore\Panda.Workflow.EntityFrameworkCore.csproj", "{EB16D624-C753-44D5-8E8F-CABB0A2A320F}"
EndProject
Project("{9A19103F-16F7-4668-BE54-9A1E7A4F7556}") = "Panda.Workflow.Domain", "module\workflow\Panda.Workflow.Domain\Panda.Workflow.Domain.csproj", "{CA44A019-A833-4EB4-9287-EF5059D002E1}"
EndProject
Project("{9A19103F-16F7-4668-BE54-9A1E7A4F7556}") = "Panda.Workflow.Application", "module\workflow\Panda.Workflow.Application\Panda.Workflow.Application.csproj", "{81119FA5-DC60-43D0-9710-259A8CE88573}"
EndProject
Project("{9A19103F-16F7-4668-BE54-9A1E7A4F7556}") = "Panda.Workflow.Application.Contracts", "module\workflow\Panda.Workflow.Application.Contracts\Panda.Workflow.Application.Contracts.csproj", "{563F041A-9DA8-4172-A71B-FA18D22757DE}"
EndProject
Project("{9A19103F-16F7-4668-BE54-9A1E7A4F7556}") = "Panda.Workflow.Domain.Shared", "module\workflow\Panda.Workflow.Domain.Shared\Panda.Workflow.Domain.Shared.csproj", "{5273AFCB-6E97-4E3B-A54F-B77ECFDA6AB2}"
EndProject
Project("{9A19103F-16F7-4668-BE54-9A1E7A4F7556}") = "Panda.Workflow.HttpApi", "module\workflow\Panda.Workflow.HttpApi\Panda.Workflow.HttpApi.csproj", "{EAE10725-E751-464D-9472-CF2531DE6B19}"
EndProject
Project("{9A19103F-16F7-4668-BE54-9A1E7A4F7556}") = "Panda.Workflow.HttpApi.Host", "module\workflow\Panda.Workflow.HttpApi.Host\Panda.Workflow.HttpApi.Host.csproj", "{3AA998A3-0B84-45FE-A064-B3F63FD9C7A8}"
EndProject
Project("{9A19103F-16F7-4668-BE54-9A1E7A4F7556}") = "WorkflowCore", "module\workflow\workflow-core-3.2\src\WorkflowCore\WorkflowCore.csproj", "{F7D2BEC5-C80B-4357-865D-76D320B2E382}"
EndProject
Project("{9A19103F-16F7-4668-BE54-9A1E7A4F7556}") = "WorkflowCore.DSL", "module\workflow\workflow-core-3.2\src\WorkflowCore.DSL\WorkflowCore.DSL.csproj", "{07945DA7-E335-4F87-B3FE-BA7CCF8C78D9}"
EndProject
Project("{2150E333-8FDC-42A3-9474-1A3956D46DE8}") = "files", "files", "{3AE73BC3-8D7A-4617-9C85-B508A224B7F4}"
EndProject
Project("{9A19103F-16F7-4668-BE54-9A1E7A4F7556}") = "Panda.File.Domain.Shared", "module\files\Panda.File.Domain.Shared\Panda.File.Domain.Shared.csproj", "{F1448C6C-4895-4AF9-98F4-181398DE4558}"
EndProject
Project("{9A19103F-16F7-4668-BE54-9A1E7A4F7556}") = "Panda.File.Domain", "module\files\Panda.File.Domain\Panda.File.Domain.csproj", "{CAC26B4D-359B-40DF-9531-C4A61EE067FB}"
EndProject
Project("{9A19103F-16F7-4668-BE54-9A1E7A4F7556}") = "Panda.File.EntityFrameworkCore", "module\files\Panda.File.EntityFrameworkCore\Panda.File.EntityFrameworkCore.csproj", "{B9D6D077-AE28-4C9E-9775-11F7F027AB02}"
EndProject
Project("{9A19103F-16F7-4668-BE54-9A1E7A4F7556}") = "Panda.File.Application.Contracts", "module\files\Panda.File.Application.Contracts\Panda.File.Application.Contracts.csproj", "{6F760962-2EC7-4AB7-B673-102977D69EBB}"
EndProject
Project("{9A19103F-16F7-4668-BE54-9A1E7A4F7556}") = "Panda.File.Application", "module\files\Panda.File.Application\Panda.File.Application.csproj", "{B0C78351-AE43-435A-BDF5-BE37C33E4F3C}"
EndProject
Project("{9A19103F-16F7-4668-BE54-9A1E7A4F7556}") = "Panda.File.HttpApi", "module\files\Panda.File.HttpApi\Panda.File.HttpApi.csproj", "{23A12996-9E96-444E-9E95-0DB124123116}"
EndProject
Project("{9A19103F-16F7-4668-BE54-9A1E7A4F7556}") = "Panda.File.HttpApi.Host", "module\files\Panda.File.HttpApi.Host\Panda.File.HttpApi.Host.csproj", "{372C84D6-8A20-46BD-8806-167C6D6F4E9A}"
EndProject
Project("{2150E333-8FDC-42A3-9474-1A3956D46DE8}") = "data-permission", "data-permission", "{4F66F60E-14D7-4FD5-BAD9-A8452C5EAB7D}"
EndProject
Project("{9A19103F-16F7-4668-BE54-9A1E7A4F7556}") = "Panda.DataPermission.Abstractions", "module\data-permission\Panda.DataPermission.Abstractions\Panda.DataPermission.Abstractions.csproj", "{5826E51B-EA38-4674-9EDF-6D2FF1387EA6}"
EndProject
Project("{9A19103F-16F7-4668-BE54-9A1E7A4F7556}") = "Panda.DataPermission", "module\data-permission\Panda.DataPermission\Panda.DataPermission.csproj", "{4A0B5EC5-6DDC-4A9D-95D6-FD125D40F9A2}"
EndProject
Project("{9A19103F-16F7-4668-BE54-9A1E7A4F7556}") = "Panda.AspNetCore.DataPermission", "module\data-permission\Panda.AspNetCore.DataPermission\Panda.AspNetCore.DataPermission.csproj", "{2369F5EC-702A-4B7C-A0D0-4CF89858429B}"
EndProject
Project("{9A19103F-16F7-4668-BE54-9A1E7A4F7556}") = "Panda.DataPermission.EntityFrameworkCore", "module\data-permission\Panda.DataPermission.EntityFrameworkCore\Panda.DataPermission.EntityFrameworkCore.csproj", "{D2ECEE7A-95CE-444A-882E-BFC910ECA174}"
EndProject
Global
	GlobalSection(SolutionConfigurationPlatforms) = preSolution
		Debug|Any CPU = Debug|Any CPU
		Release|Any CPU = Release|Any CPU
	EndGlobalSection
	GlobalSection(ProjectConfigurationPlatforms) = postSolution
		{554AD327-6DBA-4F8F-96F8-81CE7A0C863F}.Debug|Any CPU.ActiveCfg = Debug|Any CPU
		{554AD327-6DBA-4F8F-96F8-81CE7A0C863F}.Debug|Any CPU.Build.0 = Debug|Any CPU
		{554AD327-6DBA-4F8F-96F8-81CE7A0C863F}.Release|Any CPU.ActiveCfg = Release|Any CPU
		{554AD327-6DBA-4F8F-96F8-81CE7A0C863F}.Release|Any CPU.Build.0 = Release|Any CPU
		{1A94A50E-06DC-43C1-80B5-B662820EC3EB}.Debug|Any CPU.ActiveCfg = Debug|Any CPU
		{1A94A50E-06DC-43C1-80B5-B662820EC3EB}.Debug|Any CPU.Build.0 = Debug|Any CPU
		{1A94A50E-06DC-43C1-80B5-B662820EC3EB}.Release|Any CPU.ActiveCfg = Release|Any CPU
		{1A94A50E-06DC-43C1-80B5-B662820EC3EB}.Release|Any CPU.Build.0 = Release|Any CPU
		{C956DD76-69C8-4A9C-83EA-D17DF83340FD}.Debug|Any CPU.ActiveCfg = Debug|Any CPU
		{C956DD76-69C8-4A9C-83EA-D17DF83340FD}.Debug|Any CPU.Build.0 = Debug|Any CPU
		{C956DD76-69C8-4A9C-83EA-D17DF83340FD}.Release|Any CPU.ActiveCfg = Release|Any CPU
		{C956DD76-69C8-4A9C-83EA-D17DF83340FD}.Release|Any CPU.Build.0 = Release|Any CPU
		{50B2631D-129C-47B3-A587-029CCD6099BC}.Debug|Any CPU.ActiveCfg = Debug|Any CPU
		{50B2631D-129C-47B3-A587-029CCD6099BC}.Debug|Any CPU.Build.0 = Debug|Any CPU
		{50B2631D-129C-47B3-A587-029CCD6099BC}.Release|Any CPU.ActiveCfg = Release|Any CPU
		{50B2631D-129C-47B3-A587-029CCD6099BC}.Release|Any CPU.Build.0 = Release|Any CPU
		{42F719ED-8413-4895-B5B4-5AB56079BC66}.Debug|Any CPU.ActiveCfg = Debug|Any CPU
		{42F719ED-8413-4895-B5B4-5AB56079BC66}.Debug|Any CPU.Build.0 = Debug|Any CPU
		{42F719ED-8413-4895-B5B4-5AB56079BC66}.Release|Any CPU.ActiveCfg = Release|Any CPU
		{42F719ED-8413-4895-B5B4-5AB56079BC66}.Release|Any CPU.Build.0 = Release|Any CPU
		{520659C8-C734-4298-A3DA-B539DB9DFC0B}.Debug|Any CPU.ActiveCfg = Debug|Any CPU
		{520659C8-C734-4298-A3DA-B539DB9DFC0B}.Debug|Any CPU.Build.0 = Debug|Any CPU
		{520659C8-C734-4298-A3DA-B539DB9DFC0B}.Release|Any CPU.ActiveCfg = Release|Any CPU
		{520659C8-C734-4298-A3DA-B539DB9DFC0B}.Release|Any CPU.Build.0 = Release|Any CPU
		{4164BDF7-F527-4E85-9CE6-E3C2D7426A27}.Debug|Any CPU.ActiveCfg = Debug|Any CPU
		{4164BDF7-F527-4E85-9CE6-E3C2D7426A27}.Debug|Any CPU.Build.0 = Debug|Any CPU
		{4164BDF7-F527-4E85-9CE6-E3C2D7426A27}.Release|Any CPU.ActiveCfg = Release|Any CPU
		{4164BDF7-F527-4E85-9CE6-E3C2D7426A27}.Release|Any CPU.Build.0 = Release|Any CPU
		{3B5A0094-670D-4BB1-BFDD-61B88A8773DC}.Debug|Any CPU.ActiveCfg = Debug|Any CPU
		{3B5A0094-670D-4BB1-BFDD-61B88A8773DC}.Debug|Any CPU.Build.0 = Debug|Any CPU
		{3B5A0094-670D-4BB1-BFDD-61B88A8773DC}.Release|Any CPU.ActiveCfg = Release|Any CPU
		{3B5A0094-670D-4BB1-BFDD-61B88A8773DC}.Release|Any CPU.Build.0 = Release|Any CPU
		{073C361E-B8F4-49F5-93CC-72A3FF49C026}.Debug|Any CPU.ActiveCfg = Debug|Any CPU
		{073C361E-B8F4-49F5-93CC-72A3FF49C026}.Debug|Any CPU.Build.0 = Debug|Any CPU
		{073C361E-B8F4-49F5-93CC-72A3FF49C026}.Release|Any CPU.ActiveCfg = Release|Any CPU
		{073C361E-B8F4-49F5-93CC-72A3FF49C026}.Release|Any CPU.Build.0 = Release|Any CPU
		{E6D5BF0E-DE92-4D82-A352-EF04B37CB11C}.Debug|Any CPU.ActiveCfg = Debug|Any CPU
		{E6D5BF0E-DE92-4D82-A352-EF04B37CB11C}.Debug|Any CPU.Build.0 = Debug|Any CPU
		{E6D5BF0E-DE92-4D82-A352-EF04B37CB11C}.Release|Any CPU.ActiveCfg = Release|Any CPU
		{E6D5BF0E-DE92-4D82-A352-EF04B37CB11C}.Release|Any CPU.Build.0 = Release|Any CPU
		{1FE30EB9-74A9-47F5-A9F6-7B1FAB672D81}.Debug|Any CPU.ActiveCfg = Debug|Any CPU
		{1FE30EB9-74A9-47F5-A9F6-7B1FAB672D81}.Debug|Any CPU.Build.0 = Debug|Any CPU
		{1FE30EB9-74A9-47F5-A9F6-7B1FAB672D81}.Release|Any CPU.ActiveCfg = Release|Any CPU
		{1FE30EB9-74A9-47F5-A9F6-7B1FAB672D81}.Release|Any CPU.Build.0 = Release|Any CPU
		{91853F21-9CD9-4132-BC29-A7D5D84FFFE7}.Debug|Any CPU.ActiveCfg = Debug|Any CPU
		{91853F21-9CD9-4132-BC29-A7D5D84FFFE7}.Debug|Any CPU.Build.0 = Debug|Any CPU
		{91853F21-9CD9-4132-BC29-A7D5D84FFFE7}.Release|Any CPU.ActiveCfg = Release|Any CPU
		{91853F21-9CD9-4132-BC29-A7D5D84FFFE7}.Release|Any CPU.Build.0 = Release|Any CPU
		{E512F4D9-9375-480F-A2F6-A46509F9D824}.Debug|Any CPU.ActiveCfg = Debug|Any CPU
		{E512F4D9-9375-480F-A2F6-A46509F9D824}.Debug|Any CPU.Build.0 = Debug|Any CPU
		{E512F4D9-9375-480F-A2F6-A46509F9D824}.Release|Any CPU.ActiveCfg = Release|Any CPU
		{E512F4D9-9375-480F-A2F6-A46509F9D824}.Release|Any CPU.Build.0 = Release|Any CPU
		{EF480016-9127-4916-8735-D2466BDBC582}.Debug|Any CPU.ActiveCfg = Debug|Any CPU
		{EF480016-9127-4916-8735-D2466BDBC582}.Debug|Any CPU.Build.0 = Debug|Any CPU
		{EF480016-9127-4916-8735-D2466BDBC582}.Release|Any CPU.ActiveCfg = Release|Any CPU
		{EF480016-9127-4916-8735-D2466BDBC582}.Release|Any CPU.Build.0 = Release|Any CPU
		{AA94D832-1CCC-4715-95A9-A483F23A1A5D}.Debug|Any CPU.ActiveCfg = Debug|Any CPU
		{AA94D832-1CCC-4715-95A9-A483F23A1A5D}.Debug|Any CPU.Build.0 = Debug|Any CPU
		{AA94D832-1CCC-4715-95A9-A483F23A1A5D}.Release|Any CPU.ActiveCfg = Release|Any CPU
		{AA94D832-1CCC-4715-95A9-A483F23A1A5D}.Release|Any CPU.Build.0 = Release|Any CPU
		{46114450-4480-4B52-9617-710B7171B77F}.Debug|Any CPU.ActiveCfg = Debug|Any CPU
		{46114450-4480-4B52-9617-710B7171B77F}.Debug|Any CPU.Build.0 = Debug|Any CPU
		{46114450-4480-4B52-9617-710B7171B77F}.Release|Any CPU.ActiveCfg = Release|Any CPU
		{46114450-4480-4B52-9617-710B7171B77F}.Release|Any CPU.Build.0 = Release|Any CPU
		{A84C5AFE-D081-4394-A526-54F62FDB9B01}.Debug|Any CPU.ActiveCfg = Debug|Any CPU
		{A84C5AFE-D081-4394-A526-54F62FDB9B01}.Debug|Any CPU.Build.0 = Debug|Any CPU
		{A84C5AFE-D081-4394-A526-54F62FDB9B01}.Release|Any CPU.ActiveCfg = Release|Any CPU
		{A84C5AFE-D081-4394-A526-54F62FDB9B01}.Release|Any CPU.Build.0 = Release|Any CPU
		{376288B4-3E54-4B13-BC4D-9BB303A91B13}.Debug|Any CPU.ActiveCfg = Debug|Any CPU
		{376288B4-3E54-4B13-BC4D-9BB303A91B13}.Debug|Any CPU.Build.0 = Debug|Any CPU
		{376288B4-3E54-4B13-BC4D-9BB303A91B13}.Release|Any CPU.ActiveCfg = Release|Any CPU
		{376288B4-3E54-4B13-BC4D-9BB303A91B13}.Release|Any CPU.Build.0 = Release|Any CPU
		{861127ED-40D4-4AA8-9CFE-25C206F449F5}.Debug|Any CPU.ActiveCfg = Debug|Any CPU
		{861127ED-40D4-4AA8-9CFE-25C206F449F5}.Debug|Any CPU.Build.0 = Debug|Any CPU
		{861127ED-40D4-4AA8-9CFE-25C206F449F5}.Release|Any CPU.ActiveCfg = Release|Any CPU
		{861127ED-40D4-4AA8-9CFE-25C206F449F5}.Release|Any CPU.Build.0 = Release|Any CPU
		{68B14828-7266-445D-86C6-330F8AFBFC4B}.Debug|Any CPU.ActiveCfg = Debug|Any CPU
		{68B14828-7266-445D-86C6-330F8AFBFC4B}.Debug|Any CPU.Build.0 = Debug|Any CPU
		{68B14828-7266-445D-86C6-330F8AFBFC4B}.Release|Any CPU.ActiveCfg = Release|Any CPU
		{68B14828-7266-445D-86C6-330F8AFBFC4B}.Release|Any CPU.Build.0 = Release|Any CPU
		{1A53814E-FC62-40FE-9814-E8F687FE2C99}.Debug|Any CPU.ActiveCfg = Debug|Any CPU
		{1A53814E-FC62-40FE-9814-E8F687FE2C99}.Debug|Any CPU.Build.0 = Debug|Any CPU
		{1A53814E-FC62-40FE-9814-E8F687FE2C99}.Release|Any CPU.ActiveCfg = Release|Any CPU
		{1A53814E-FC62-40FE-9814-E8F687FE2C99}.Release|Any CPU.Build.0 = Release|Any CPU
		{FFAD0449-B7B9-470A-B39F-2C60C9859DD5}.Debug|Any CPU.ActiveCfg = Debug|Any CPU
		{FFAD0449-B7B9-470A-B39F-2C60C9859DD5}.Debug|Any CPU.Build.0 = Debug|Any CPU
		{FFAD0449-B7B9-470A-B39F-2C60C9859DD5}.Release|Any CPU.ActiveCfg = Release|Any CPU
		{FFAD0449-B7B9-470A-B39F-2C60C9859DD5}.Release|Any CPU.Build.0 = Release|Any CPU
		{AC1BC9EB-7092-4BA1-9963-FEC9286F496F}.Debug|Any CPU.ActiveCfg = Debug|Any CPU
		{AC1BC9EB-7092-4BA1-9963-FEC9286F496F}.Debug|Any CPU.Build.0 = Debug|Any CPU
		{AC1BC9EB-7092-4BA1-9963-FEC9286F496F}.Release|Any CPU.ActiveCfg = Release|Any CPU
		{AC1BC9EB-7092-4BA1-9963-FEC9286F496F}.Release|Any CPU.Build.0 = Release|Any CPU
		{FA585467-8179-4695-AE7A-51E677127381}.Debug|Any CPU.ActiveCfg = Debug|Any CPU
		{FA585467-8179-4695-AE7A-51E677127381}.Debug|Any CPU.Build.0 = Debug|Any CPU
		{FA585467-8179-4695-AE7A-51E677127381}.Release|Any CPU.ActiveCfg = Release|Any CPU
		{FA585467-8179-4695-AE7A-51E677127381}.Release|Any CPU.Build.0 = Release|Any CPU
		{6622041F-BC7C-408D-9563-4957B87664BD}.Debug|Any CPU.ActiveCfg = Debug|Any CPU
		{6622041F-BC7C-408D-9563-4957B87664BD}.Debug|Any CPU.Build.0 = Debug|Any CPU
		{6622041F-BC7C-408D-9563-4957B87664BD}.Release|Any CPU.ActiveCfg = Release|Any CPU
		{6622041F-BC7C-408D-9563-4957B87664BD}.Release|Any CPU.Build.0 = Release|Any CPU
		{EB16D624-C753-44D5-8E8F-CABB0A2A320F}.Debug|Any CPU.ActiveCfg = Debug|Any CPU
		{EB16D624-C753-44D5-8E8F-CABB0A2A320F}.Debug|Any CPU.Build.0 = Debug|Any CPU
		{EB16D624-C753-44D5-8E8F-CABB0A2A320F}.Release|Any CPU.ActiveCfg = Release|Any CPU
		{EB16D624-C753-44D5-8E8F-CABB0A2A320F}.Release|Any CPU.Build.0 = Release|Any CPU
		{CA44A019-A833-4EB4-9287-EF5059D002E1}.Debug|Any CPU.ActiveCfg = Debug|Any CPU
		{CA44A019-A833-4EB4-9287-EF5059D002E1}.Debug|Any CPU.Build.0 = Debug|Any CPU
		{CA44A019-A833-4EB4-9287-EF5059D002E1}.Release|Any CPU.ActiveCfg = Release|Any CPU
		{CA44A019-A833-4EB4-9287-EF5059D002E1}.Release|Any CPU.Build.0 = Release|Any CPU
		{81119FA5-DC60-43D0-9710-259A8CE88573}.Debug|Any CPU.ActiveCfg = Debug|Any CPU
		{81119FA5-DC60-43D0-9710-259A8CE88573}.Debug|Any CPU.Build.0 = Debug|Any CPU
		{81119FA5-DC60-43D0-9710-259A8CE88573}.Release|Any CPU.ActiveCfg = Release|Any CPU
		{81119FA5-DC60-43D0-9710-259A8CE88573}.Release|Any CPU.Build.0 = Release|Any CPU
		{563F041A-9DA8-4172-A71B-FA18D22757DE}.Debug|Any CPU.ActiveCfg = Debug|Any CPU
		{563F041A-9DA8-4172-A71B-FA18D22757DE}.Debug|Any CPU.Build.0 = Debug|Any CPU
		{563F041A-9DA8-4172-A71B-FA18D22757DE}.Release|Any CPU.ActiveCfg = Release|Any CPU
		{563F041A-9DA8-4172-A71B-FA18D22757DE}.Release|Any CPU.Build.0 = Release|Any CPU
		{5273AFCB-6E97-4E3B-A54F-B77ECFDA6AB2}.Debug|Any CPU.ActiveCfg = Debug|Any CPU
		{5273AFCB-6E97-4E3B-A54F-B77ECFDA6AB2}.Debug|Any CPU.Build.0 = Debug|Any CPU
		{5273AFCB-6E97-4E3B-A54F-B77ECFDA6AB2}.Release|Any CPU.ActiveCfg = Release|Any CPU
		{5273AFCB-6E97-4E3B-A54F-B77ECFDA6AB2}.Release|Any CPU.Build.0 = Release|Any CPU
		{EAE10725-E751-464D-9472-CF2531DE6B19}.Debug|Any CPU.ActiveCfg = Debug|Any CPU
		{EAE10725-E751-464D-9472-CF2531DE6B19}.Debug|Any CPU.Build.0 = Debug|Any CPU
		{EAE10725-E751-464D-9472-CF2531DE6B19}.Release|Any CPU.ActiveCfg = Release|Any CPU
		{EAE10725-E751-464D-9472-CF2531DE6B19}.Release|Any CPU.Build.0 = Release|Any CPU
		{3AA998A3-0B84-45FE-A064-B3F63FD9C7A8}.Debug|Any CPU.ActiveCfg = Debug|Any CPU
		{3AA998A3-0B84-45FE-A064-B3F63FD9C7A8}.Debug|Any CPU.Build.0 = Debug|Any CPU
		{3AA998A3-0B84-45FE-A064-B3F63FD9C7A8}.Release|Any CPU.ActiveCfg = Release|Any CPU
		{3AA998A3-0B84-45FE-A064-B3F63FD9C7A8}.Release|Any CPU.Build.0 = Release|Any CPU
		{F7D2BEC5-C80B-4357-865D-76D320B2E382}.Debug|Any CPU.ActiveCfg = Debug|Any CPU
		{F7D2BEC5-C80B-4357-865D-76D320B2E382}.Debug|Any CPU.Build.0 = Debug|Any CPU
		{F7D2BEC5-C80B-4357-865D-76D320B2E382}.Release|Any CPU.ActiveCfg = Release|Any CPU
		{F7D2BEC5-C80B-4357-865D-76D320B2E382}.Release|Any CPU.Build.0 = Release|Any CPU
		{07945DA7-E335-4F87-B3FE-BA7CCF8C78D9}.Debug|Any CPU.ActiveCfg = Debug|Any CPU
		{07945DA7-E335-4F87-B3FE-BA7CCF8C78D9}.Debug|Any CPU.Build.0 = Debug|Any CPU
		{07945DA7-E335-4F87-B3FE-BA7CCF8C78D9}.Release|Any CPU.ActiveCfg = Release|Any CPU
		{07945DA7-E335-4F87-B3FE-BA7CCF8C78D9}.Release|Any CPU.Build.0 = Release|Any CPU
		{F1448C6C-4895-4AF9-98F4-181398DE4558}.Debug|Any CPU.ActiveCfg = Debug|Any CPU
		{F1448C6C-4895-4AF9-98F4-181398DE4558}.Debug|Any CPU.Build.0 = Debug|Any CPU
		{F1448C6C-4895-4AF9-98F4-181398DE4558}.Release|Any CPU.ActiveCfg = Release|Any CPU
		{F1448C6C-4895-4AF9-98F4-181398DE4558}.Release|Any CPU.Build.0 = Release|Any CPU
		{CAC26B4D-359B-40DF-9531-C4A61EE067FB}.Debug|Any CPU.ActiveCfg = Debug|Any CPU
		{CAC26B4D-359B-40DF-9531-C4A61EE067FB}.Debug|Any CPU.Build.0 = Debug|Any CPU
		{CAC26B4D-359B-40DF-9531-C4A61EE067FB}.Release|Any CPU.ActiveCfg = Release|Any CPU
		{CAC26B4D-359B-40DF-9531-C4A61EE067FB}.Release|Any CPU.Build.0 = Release|Any CPU
		{B9D6D077-AE28-4C9E-9775-11F7F027AB02}.Debug|Any CPU.ActiveCfg = Debug|Any CPU
		{B9D6D077-AE28-4C9E-9775-11F7F027AB02}.Debug|Any CPU.Build.0 = Debug|Any CPU
		{B9D6D077-AE28-4C9E-9775-11F7F027AB02}.Release|Any CPU.ActiveCfg = Release|Any CPU
		{B9D6D077-AE28-4C9E-9775-11F7F027AB02}.Release|Any CPU.Build.0 = Release|Any CPU
		{6F760962-2EC7-4AB7-B673-102977D69EBB}.Debug|Any CPU.ActiveCfg = Debug|Any CPU
		{6F760962-2EC7-4AB7-B673-102977D69EBB}.Debug|Any CPU.Build.0 = Debug|Any CPU
		{6F760962-2EC7-4AB7-B673-102977D69EBB}.Release|Any CPU.ActiveCfg = Release|Any CPU
		{6F760962-2EC7-4AB7-B673-102977D69EBB}.Release|Any CPU.Build.0 = Release|Any CPU
		{B0C78351-AE43-435A-BDF5-BE37C33E4F3C}.Debug|Any CPU.ActiveCfg = Debug|Any CPU
		{B0C78351-AE43-435A-BDF5-BE37C33E4F3C}.Debug|Any CPU.Build.0 = Debug|Any CPU
		{B0C78351-AE43-435A-BDF5-BE37C33E4F3C}.Release|Any CPU.ActiveCfg = Release|Any CPU
		{B0C78351-AE43-435A-BDF5-BE37C33E4F3C}.Release|Any CPU.Build.0 = Release|Any CPU
		{23A12996-9E96-444E-9E95-0DB124123116}.Debug|Any CPU.ActiveCfg = Debug|Any CPU
		{23A12996-9E96-444E-9E95-0DB124123116}.Debug|Any CPU.Build.0 = Debug|Any CPU
		{23A12996-9E96-444E-9E95-0DB124123116}.Release|Any CPU.ActiveCfg = Release|Any CPU
		{23A12996-9E96-444E-9E95-0DB124123116}.Release|Any CPU.Build.0 = Release|Any CPU
		{372C84D6-8A20-46BD-8806-167C6D6F4E9A}.Debug|Any CPU.ActiveCfg = Debug|Any CPU
		{372C84D6-8A20-46BD-8806-167C6D6F4E9A}.Debug|Any CPU.Build.0 = Debug|Any CPU
		{372C84D6-8A20-46BD-8806-167C6D6F4E9A}.Release|Any CPU.ActiveCfg = Release|Any CPU
		{372C84D6-8A20-46BD-8806-167C6D6F4E9A}.Release|Any CPU.Build.0 = Release|Any CPU
		{5826E51B-EA38-4674-9EDF-6D2FF1387EA6}.Debug|Any CPU.ActiveCfg = Debug|Any CPU
		{5826E51B-EA38-4674-9EDF-6D2FF1387EA6}.Debug|Any CPU.Build.0 = Debug|Any CPU
		{5826E51B-EA38-4674-9EDF-6D2FF1387EA6}.Release|Any CPU.ActiveCfg = Release|Any CPU
		{5826E51B-EA38-4674-9EDF-6D2FF1387EA6}.Release|Any CPU.Build.0 = Release|Any CPU
		{4A0B5EC5-6DDC-4A9D-95D6-FD125D40F9A2}.Debug|Any CPU.ActiveCfg = Debug|Any CPU
		{4A0B5EC5-6DDC-4A9D-95D6-FD125D40F9A2}.Debug|Any CPU.Build.0 = Debug|Any CPU
		{4A0B5EC5-6DDC-4A9D-95D6-FD125D40F9A2}.Release|Any CPU.ActiveCfg = Release|Any CPU
		{4A0B5EC5-6DDC-4A9D-95D6-FD125D40F9A2}.Release|Any CPU.Build.0 = Release|Any CPU
		{2369F5EC-702A-4B7C-A0D0-4CF89858429B}.Debug|Any CPU.ActiveCfg = Debug|Any CPU
		{2369F5EC-702A-4B7C-A0D0-4CF89858429B}.Debug|Any CPU.Build.0 = Debug|Any CPU
		{2369F5EC-702A-4B7C-A0D0-4CF89858429B}.Release|Any CPU.ActiveCfg = Release|Any CPU
		{2369F5EC-702A-4B7C-A0D0-4CF89858429B}.Release|Any CPU.Build.0 = Release|Any CPU
		{D2ECEE7A-95CE-444A-882E-BFC910ECA174}.Debug|Any CPU.ActiveCfg = Debug|Any CPU
		{D2ECEE7A-95CE-444A-882E-BFC910ECA174}.Debug|Any CPU.Build.0 = Debug|Any CPU
		{D2ECEE7A-95CE-444A-882E-BFC910ECA174}.Release|Any CPU.ActiveCfg = Release|Any CPU
		{D2ECEE7A-95CE-444A-882E-BFC910ECA174}.Release|Any CPU.Build.0 = Release|Any CPU
	EndGlobalSection
	GlobalSection(SolutionProperties) = preSolution
		HideSolutionNode = FALSE
	EndGlobalSection
	GlobalSection(NestedProjects) = preSolution
		{554AD327-6DBA-4F8F-96F8-81CE7A0C863F} = {CA9AC87F-097E-4F15-8393-4BC07735A5B0}
		{1A94A50E-06DC-43C1-80B5-B662820EC3EB} = {CA9AC87F-097E-4F15-8393-4BC07735A5B0}
		{C956DD76-69C8-4A9C-83EA-D17DF83340FD} = {CA9AC87F-097E-4F15-8393-4BC07735A5B0}
		{50B2631D-129C-47B3-A587-029CCD6099BC} = {04DBDB01-70F4-4E06-B468-8F87850B22BE}
		{42F719ED-8413-4895-B5B4-5AB56079BC66} = {CA9AC87F-097E-4F15-8393-4BC07735A5B0}
		{520659C8-C734-4298-A3DA-B539DB9DFC0B} = {CA9AC87F-097E-4F15-8393-4BC07735A5B0}
		{4164BDF7-F527-4E85-9CE6-E3C2D7426A27} = {CA9AC87F-097E-4F15-8393-4BC07735A5B0}
		{3B5A0094-670D-4BB1-BFDD-61B88A8773DC} = {CA9AC87F-097E-4F15-8393-4BC07735A5B0}
		{073C361E-B8F4-49F5-93CC-72A3FF49C026} = {CA9AC87F-097E-4F15-8393-4BC07735A5B0}
		{E6D5BF0E-DE92-4D82-A352-EF04B37CB11C} = {CA9AC87F-097E-4F15-8393-4BC07735A5B0}
		{1FE30EB9-74A9-47F5-A9F6-7B1FAB672D81} = {04DBDB01-70F4-4E06-B468-8F87850B22BE}
		{91853F21-9CD9-4132-BC29-A7D5D84FFFE7} = {04DBDB01-70F4-4E06-B468-8F87850B22BE}
		{E512F4D9-9375-480F-A2F6-A46509F9D824} = {04DBDB01-70F4-4E06-B468-8F87850B22BE}
		{EF480016-9127-4916-8735-D2466BDBC582} = {04DBDB01-70F4-4E06-B468-8F87850B22BE}
		{AA94D832-1CCC-4715-95A9-A483F23A1A5D} = {CA9AC87F-097E-4F15-8393-4BC07735A5B0}
		{46114450-4480-4B52-9617-710B7171B77F} = {04DBDB01-70F4-4E06-B468-8F87850B22BE}
		{8A0C4957-E914-4329-BBF1-0B56FC9941FE} = {04DBDB01-70F4-4E06-B468-8F87850B22BE}
		{A84C5AFE-D081-4394-A526-54F62FDB9B01} = {CA9AC87F-097E-4F15-8393-4BC07735A5B0}
		{21C67B39-4415-4FA0-8596-8535DF7E9A3F} = {C5F8CF87-FF4A-407A-929D-516DAC5A9D1D}
		{376288B4-3E54-4B13-BC4D-9BB303A91B13} = {21C67B39-4415-4FA0-8596-8535DF7E9A3F}
		{861127ED-40D4-4AA8-9CFE-25C206F449F5} = {21C67B39-4415-4FA0-8596-8535DF7E9A3F}
		{68B14828-7266-445D-86C6-330F8AFBFC4B} = {21C67B39-4415-4FA0-8596-8535DF7E9A3F}
		{1A53814E-FC62-40FE-9814-E8F687FE2C99} = {21C67B39-4415-4FA0-8596-8535DF7E9A3F}
		{FFAD0449-B7B9-470A-B39F-2C60C9859DD5} = {21C67B39-4415-4FA0-8596-8535DF7E9A3F}
		{73622126-E598-43DF-B9F5-ADFDD04FA016} = {C5F8CF87-FF4A-407A-929D-516DAC5A9D1D}
		{AC1BC9EB-7092-4BA1-9963-FEC9286F496F} = {73622126-E598-43DF-B9F5-ADFDD04FA016}
		{FA585467-8179-4695-AE7A-51E677127381} = {73622126-E598-43DF-B9F5-ADFDD04FA016}
		{6622041F-BC7C-408D-9563-4957B87664BD} = {73622126-E598-43DF-B9F5-ADFDD04FA016}
		{EB16D624-C753-44D5-8E8F-CABB0A2A320F} = {73622126-E598-43DF-B9F5-ADFDD04FA016}
		{CA44A019-A833-4EB4-9287-EF5059D002E1} = {73622126-E598-43DF-B9F5-ADFDD04FA016}
		{81119FA5-DC60-43D0-9710-259A8CE88573} = {73622126-E598-43DF-B9F5-ADFDD04FA016}
		{563F041A-9DA8-4172-A71B-FA18D22757DE} = {73622126-E598-43DF-B9F5-ADFDD04FA016}
		{5273AFCB-6E97-4E3B-A54F-B77ECFDA6AB2} = {73622126-E598-43DF-B9F5-ADFDD04FA016}
		{EAE10725-E751-464D-9472-CF2531DE6B19} = {73622126-E598-43DF-B9F5-ADFDD04FA016}
		{3AA998A3-0B84-45FE-A064-B3F63FD9C7A8} = {73622126-E598-43DF-B9F5-ADFDD04FA016}
		{F7D2BEC5-C80B-4357-865D-76D320B2E382} = {73622126-E598-43DF-B9F5-ADFDD04FA016}
		{07945DA7-E335-4F87-B3FE-BA7CCF8C78D9} = {73622126-E598-43DF-B9F5-ADFDD04FA016}
		{3AE73BC3-8D7A-4617-9C85-B508A224B7F4} = {C5F8CF87-FF4A-407A-929D-516DAC5A9D1D}
		{F1448C6C-4895-4AF9-98F4-181398DE4558} = {3AE73BC3-8D7A-4617-9C85-B508A224B7F4}
		{CAC26B4D-359B-40DF-9531-C4A61EE067FB} = {3AE73BC3-8D7A-4617-9C85-B508A224B7F4}
		{B9D6D077-AE28-4C9E-9775-11F7F027AB02} = {3AE73BC3-8D7A-4617-9C85-B508A224B7F4}
		{6F760962-2EC7-4AB7-B673-102977D69EBB} = {3AE73BC3-8D7A-4617-9C85-B508A224B7F4}
		{B0C78351-AE43-435A-BDF5-BE37C33E4F3C} = {3AE73BC3-8D7A-4617-9C85-B508A224B7F4}
		{23A12996-9E96-444E-9E95-0DB124123116} = {3AE73BC3-8D7A-4617-9C85-B508A224B7F4}
		{372C84D6-8A20-46BD-8806-167C6D6F4E9A} = {3AE73BC3-8D7A-4617-9C85-B508A224B7F4}
		{4F66F60E-14D7-4FD5-BAD9-A8452C5EAB7D} = {C5F8CF87-FF4A-407A-929D-516DAC5A9D1D}
		{5826E51B-EA38-4674-9EDF-6D2FF1387EA6} = {4F66F60E-14D7-4FD5-BAD9-A8452C5EAB7D}
		{4A0B5EC5-6DDC-4A9D-95D6-FD125D40F9A2} = {4F66F60E-14D7-4FD5-BAD9-A8452C5EAB7D}
		{2369F5EC-702A-4B7C-A0D0-4CF89858429B} = {4F66F60E-14D7-4FD5-BAD9-A8452C5EAB7D}
		{D2ECEE7A-95CE-444A-882E-BFC910ECA174} = {4F66F60E-14D7-4FD5-BAD9-A8452C5EAB7D}
	EndGlobalSection
	GlobalSection(ExtensibilityGlobals) = postSolution
		SolutionGuid = {28315BFD-90E7-4E14-A2EA-F3D23AF4126F}
	EndGlobalSection
EndGlobal
