
Microsoft Visual Studio Solution File, Format Version 12.00
# Visual Studio Version 17
VisualStudioVersion = 17.8.34601.278
MinimumVisualStudioVersion = 10.0.40219.1
Project("{2150E333-8FDC-42A3-9474-1A3956D46DE8}") = "01-Solution Items", "01-Solution Items", "{2564D474-360A-489C-96A0-29A16716C37C}"
	ProjectSection(SolutionItems) = preProject
		.gitattributes = .gitattributes
		.gitignore = .gitignore
		.prettierrc = .prettierrc
		common.props = common.props
		common.test.props = common.test.props
		configureawait.props = configureawait.props
		Directory.Build.props = Directory.Build.props
		Directory.Packages.props = Directory.Packages.props
		global.json = global.json
		LICENSE = LICENSE
		NuGet.Config = NuGet.Config
		README.md = README.md
		README_zh.md = README_zh.md
		version.props = version.props
	EndProjectSection
EndProject
Project("{2150E333-8FDC-42A3-9474-1A3956D46DE8}") = "03-src", "03-src", "{CA9AC87F-097E-4F15-8393-4BC07735A5B0}"
EndProject
Project("{2150E333-8FDC-42A3-9474-1A3956D46DE8}") = "04-test", "04-test", "{04DBDB01-70F4-4E06-B468-8F87850B22BE}"
EndProject
Project("{9A19103F-16F7-4668-BE54-9A1E7A4F7556}") = "Panda.Net.Application.Tests", "test\Panda.Net.Application.Tests\Panda.Net.Application.Tests.csproj", "{50B2631D-129C-47B3-A587-029CCD6099BC}"
EndProject
Project("{9A19103F-16F7-4668-BE54-9A1E7A4F7556}") = "Panda.Net.EntityFrameworkCore.Tests", "test\Panda.Net.EntityFrameworkCore.Tests\Panda.Net.EntityFrameworkCore.Tests.csproj", "{1FE30EB9-74A9-47F5-A9F6-7B1FAB672D81}"
EndProject
Project("{9A19103F-16F7-4668-BE54-9A1E7A4F7556}") = "Panda.Net.TestBase", "test\Panda.Net.TestBase\Panda.Net.TestBase.csproj", "{91853F21-9CD9-4132-BC29-A7D5D84FFFE7}"
EndProject
Project("{9A19103F-16F7-4668-BE54-9A1E7A4F7556}") = "Panda.Net.Domain.Tests", "test\Panda.Net.Domain.Tests\Panda.Net.Domain.Tests.csproj", "{E512F4D9-9375-480F-A2F6-A46509F9D824}"
EndProject
Project("{9A19103F-16F7-4668-BE54-9A1E7A4F7556}") = "Panda.Net.HttpApi.Client.ConsoleTestApp", "test\Panda.Net.HttpApi.Client.ConsoleTestApp\Panda.Net.HttpApi.Client.ConsoleTestApp.csproj", "{EF480016-9127-4916-8735-D2466BDBC582}"
EndProject
Project("{9A19103F-16F7-4668-BE54-9A1E7A4F7556}") = "Panda.Net.Console", "test\Panda.Net.Console\Panda.Net.Console.csproj", "{46114450-4480-4B52-9617-710B7171B77F}"
EndProject
Project("{2150E333-8FDC-42A3-9474-1A3956D46DE8}") = "client", "client", "{8A0C4957-E914-4329-BBF1-0B56FC9941FE}"
	ProjectSection(SolutionItems) = preProject
		test\client\Index.html = test\client\Index.html
		test\client\signalr.js = test\client\signalr.js
	EndProjectSection
EndProject
Project("{2150E333-8FDC-42A3-9474-1A3956D46DE8}") = "02-module", "02-module", "{C5F8CF87-FF4A-407A-929D-516DAC5A9D1D}"
EndProject
Project("{2150E333-8FDC-42A3-9474-1A3956D46DE8}") = "messaging", "messaging", "{21C67B39-4415-4FA0-8596-8535DF7E9A3F}"
EndProject
Project("{9A19103F-16F7-4668-BE54-9A1E7A4F7556}") = "Panda.Messaging.Application", "module\messaging\Panda.Messaging.Application\Panda.Messaging.Application.csproj", "{376288B4-3E54-4B13-BC4D-9BB303A91B13}"
EndProject
Project("{9A19103F-16F7-4668-BE54-9A1E7A4F7556}") = "Panda.Messaging.Application.Contracts", "module\messaging\Panda.Messaging.Application.Contracts\Panda.Messaging.Application.Contracts.csproj", "{861127ED-40D4-4AA8-9CFE-25C206F449F5}"
EndProject
Project("{9A19103F-16F7-4668-BE54-9A1E7A4F7556}") = "Panda.Messaging.Domain", "module\messaging\Panda.Messaging.Domain\Panda.Messaging.Domain.csproj", "{68B14828-7266-445D-86C6-330F8AFBFC4B}"
EndProject
Project("{9A19103F-16F7-4668-BE54-9A1E7A4F7556}") = "Panda.Messaging.Domain.Shared", "module\messaging\Panda.Messaging.Domain.Shared\Panda.Messaging.Domain.Shared.csproj", "{1A53814E-FC62-40FE-9814-E8F687FE2C99}"
EndProject
Project("{9A19103F-16F7-4668-BE54-9A1E7A4F7556}") = "Panda.Messaging.EntityFrameworkCore", "module\messaging\Panda.Messaging.EntityFrameworkCore\Panda.Messaging.EntityFrameworkCore.csproj", "{FFAD0449-B7B9-470A-B39F-2C60C9859DD5}"
EndProject
Project("{2150E333-8FDC-42A3-9474-1A3956D46DE8}") = "workflow", "workflow", "{73622126-E598-43DF-B9F5-ADFDD04FA016}"
EndProject
Project("{9A19103F-16F7-4668-BE54-9A1E7A4F7556}") = "Abp.Workflow", "module\workflow\Abp.Workflow\Abp.Workflow.csproj", "{AC1BC9EB-7092-4BA1-9963-FEC9286F496F}"
EndProject
Project("{9A19103F-16F7-4668-BE54-9A1E7A4F7556}") = "Abp.WorkflowCore", "module\workflow\Abp.WorkflowCore\Abp.WorkflowCore.csproj", "{FA585467-8179-4695-AE7A-51E677127381}"
EndProject
Project("{9A19103F-16F7-4668-BE54-9A1E7A4F7556}") = "Abp.WorkflowCore.Persistence.EntityFrameworkCore", "module\workflow\Abp.WorkflowCore.Persistence.EntityFrameworkCore\Abp.WorkflowCore.Persistence.EntityFrameworkCore.csproj", "{6622041F-BC7C-408D-9563-4957B87664BD}"
EndProject
Project("{9A19103F-16F7-4668-BE54-9A1E7A4F7556}") = "Panda.Workflow.EntityFrameworkCore", "module\workflow\Panda.Workflow.EntityFrameworkCore\Panda.Workflow.EntityFrameworkCore.csproj", "{EB16D624-C753-44D5-8E8F-CABB0A2A320F}"
EndProject
Project("{9A19103F-16F7-4668-BE54-9A1E7A4F7556}") = "Panda.Workflow.Domain", "module\workflow\Panda.Workflow.Domain\Panda.Workflow.Domain.csproj", "{CA44A019-A833-4EB4-9287-EF5059D002E1}"
EndProject
Project("{9A19103F-16F7-4668-BE54-9A1E7A4F7556}") = "Panda.Workflow.Application", "module\workflow\Panda.Workflow.Application\Panda.Workflow.Application.csproj", "{81119FA5-DC60-43D0-9710-259A8CE88573}"
EndProject
Project("{9A19103F-16F7-4668-BE54-9A1E7A4F7556}") = "Panda.Workflow.Application.Contracts", "module\workflow\Panda.Workflow.Application.Contracts\Panda.Workflow.Application.Contracts.csproj", "{563F041A-9DA8-4172-A71B-FA18D22757DE}"
EndProject
Project("{9A19103F-16F7-4668-BE54-9A1E7A4F7556}") = "Panda.Workflow.Domain.Shared", "module\workflow\Panda.Workflow.Domain.Shared\Panda.Workflow.Domain.Shared.csproj", "{5273AFCB-6E97-4E3B-A54F-B77ECFDA6AB2}"
EndProject
Project("{9A19103F-16F7-4668-BE54-9A1E7A4F7556}") = "Panda.Workflow.HttpApi", "module\workflow\Panda.Workflow.HttpApi\Panda.Workflow.HttpApi.csproj", "{EAE10725-E751-464D-9472-CF2531DE6B19}"
EndProject
Project("{9A19103F-16F7-4668-BE54-9A1E7A4F7556}") = "Panda.Workflow.HttpApi.Host", "module\workflow\Panda.Workflow.HttpApi.Host\Panda.Workflow.HttpApi.Host.csproj", "{3AA998A3-0B84-45FE-A064-B3F63FD9C7A8}"
EndProject
Project("{9A19103F-16F7-4668-BE54-9A1E7A4F7556}") = "WorkflowCore", "module\workflow\workflow-core-3.2\src\WorkflowCore\WorkflowCore.csproj", "{F7D2BEC5-C80B-4357-865D-76D320B2E382}"
EndProject
Project("{9A19103F-16F7-4668-BE54-9A1E7A4F7556}") = "WorkflowCore.DSL", "module\workflow\workflow-core-3.2\src\WorkflowCore.DSL\WorkflowCore.DSL.csproj", "{07945DA7-E335-4F87-B3FE-BA7CCF8C78D9}"
EndProject
Project("{2150E333-8FDC-42A3-9474-1A3956D46DE8}") = "files", "files", "{3AE73BC3-8D7A-4617-9C85-B508A224B7F4}"
EndProject
Project("{9A19103F-16F7-4668-BE54-9A1E7A4F7556}") = "Panda.File.Domain.Shared", "module\files\Panda.File.Domain.Shared\Panda.File.Domain.Shared.csproj", "{F1448C6C-4895-4AF9-98F4-181398DE4558}"
EndProject
Project("{9A19103F-16F7-4668-BE54-9A1E7A4F7556}") = "Panda.File.Domain", "module\files\Panda.File.Domain\Panda.File.Domain.csproj", "{CAC26B4D-359B-40DF-9531-C4A61EE067FB}"
EndProject
Project("{9A19103F-16F7-4668-BE54-9A1E7A4F7556}") = "Panda.File.EntityFrameworkCore", "module\files\Panda.File.EntityFrameworkCore\Panda.File.EntityFrameworkCore.csproj", "{B9D6D077-AE28-4C9E-9775-11F7F027AB02}"
EndProject
Project("{9A19103F-16F7-4668-BE54-9A1E7A4F7556}") = "Panda.File.Application.Contracts", "module\files\Panda.File.Application.Contracts\Panda.File.Application.Contracts.csproj", "{6F760962-2EC7-4AB7-B673-102977D69EBB}"
EndProject
Project("{9A19103F-16F7-4668-BE54-9A1E7A4F7556}") = "Panda.File.Application", "module\files\Panda.File.Application\Panda.File.Application.csproj", "{B0C78351-AE43-435A-BDF5-BE37C33E4F3C}"
EndProject
Project("{9A19103F-16F7-4668-BE54-9A1E7A4F7556}") = "Panda.File.HttpApi", "module\files\Panda.File.HttpApi\Panda.File.HttpApi.csproj", "{23A12996-9E96-444E-9E95-0DB124123116}"
EndProject
Project("{9A19103F-16F7-4668-BE54-9A1E7A4F7556}") = "Panda.File.HttpApi.Host", "module\files\Panda.File.HttpApi.Host\Panda.File.HttpApi.Host.csproj", "{372C84D6-8A20-46BD-8806-167C6D6F4E9A}"
EndProject
Project("{2150E333-8FDC-42A3-9474-1A3956D46DE8}") = "data-permission", "data-permission", "{4F66F60E-14D7-4FD5-BAD9-A8452C5EAB7D}"
EndProject
Project("{9A19103F-16F7-4668-BE54-9A1E7A4F7556}") = "Panda.DataPermission.Abstractions", "module\data-permission\Panda.DataPermission.Abstractions\Panda.DataPermission.Abstractions.csproj", "{5826E51B-EA38-4674-9EDF-6D2FF1387EA6}"
EndProject
Project("{9A19103F-16F7-4668-BE54-9A1E7A4F7556}") = "Panda.DataPermission", "module\data-permission\Panda.DataPermission\Panda.DataPermission.csproj", "{4A0B5EC5-6DDC-4A9D-95D6-FD125D40F9A2}"
EndProject
Project("{9A19103F-16F7-4668-BE54-9A1E7A4F7556}") = "Panda.DataPermission.EntityFrameworkCore", "module\data-permission\Panda.DataPermission.EntityFrameworkCore\Panda.DataPermission.EntityFrameworkCore.csproj", "{D2ECEE7A-95CE-444A-882E-BFC910ECA174}"
EndProject
Project("{9A19103F-16F7-4668-BE54-9A1E7A4F7556}") = "Panda.DataPermission.AspNetCore", "module\data-permission\Panda.DataPermission.AspNetCore\Panda.DataPermission.AspNetCore.csproj", "{3B42E56B-416D-479D-96D5-F837FE745A70}"
EndProject
Project("{2150E333-8FDC-42A3-9474-1A3956D46DE8}") = "data-dictionary", "data-dictionary", "{2319E10B-0E15-41F6-B551-89A972A0129B}"
EndProject
Project("{9A19103F-16F7-4668-BE54-9A1E7A4F7556}") = "Panda.DataDictionary.Application", "module\data-dictionary\Panda.DataDictionary.Application\Panda.DataDictionary.Application.csproj", "{D6E16A97-EB09-4F9D-AAA6-BB0FF1E6AF4A}"
EndProject
Project("{9A19103F-16F7-4668-BE54-9A1E7A4F7556}") = "Panda.DataDictionary.Application.Contracts", "module\data-dictionary\Panda.DataDictionary.Application.Contracts\Panda.DataDictionary.Application.Contracts.csproj", "{35FDB920-8419-4942-86F2-0DC095DD8BB3}"
EndProject
Project("{9A19103F-16F7-4668-BE54-9A1E7A4F7556}") = "Panda.DataDictionary.Domain", "module\data-dictionary\Panda.DataDictionary.Domain\Panda.DataDictionary.Domain.csproj", "{98D03625-F78E-4698-84A5-CD66B25E18D0}"
EndProject
Project("{9A19103F-16F7-4668-BE54-9A1E7A4F7556}") = "Panda.DataDictionary.Domain.Shared", "module\data-dictionary\Panda.DataDictionary.Domain.Shared\Panda.DataDictionary.Domain.Shared.csproj", "{EF2A6878-4513-475F-B51B-C9D4CED11F7E}"
EndProject
Project("{9A19103F-16F7-4668-BE54-9A1E7A4F7556}") = "Panda.DataDictionary.EntityFrameworkCore", "module\data-dictionary\Panda.DataDictionary.EntityFrameworkCore\Panda.DataDictionary.EntityFrameworkCore.csproj", "{0800DB74-0949-4F2D-8C71-5299F587CCE2}"
EndProject
Project("{9A19103F-16F7-4668-BE54-9A1E7A4F7556}") = "Panda.DataDictionary.HttpApi", "module\data-dictionary\Panda.DataDictionary.HttpApi\Panda.DataDictionary.HttpApi.csproj", "{39CFD89B-4819-4900-8267-2DF57C29B8D8}"
EndProject
Project("{9A19103F-16F7-4668-BE54-9A1E7A4F7556}") = "Panda.DataDictionary.HttpApi.Host", "module\data-dictionary\Panda.DataDictionary.HttpApi.Host\Panda.DataDictionary.HttpApi.Host.csproj", "{FCAEE70B-EE82-46A8-9F5F-FB2E75C433FC}"
EndProject
Project("{2150E333-8FDC-42A3-9474-1A3956D46DE8}") = "net", "net", "{6230AD17-8250-49B0-82D6-C9935B1BEB2F}"
EndProject
Project("{9A19103F-16F7-4668-BE54-9A1E7A4F7556}") = "Panda.Net.Application", "module\net\Panda.Net.Application\Panda.Net.Application.csproj", "{BB5B5208-602B-42B4-BBA7-0AF81359E591}"
EndProject
Project("{9A19103F-16F7-4668-BE54-9A1E7A4F7556}") = "Panda.Net.Application.Contracts", "module\net\Panda.Net.Application.Contracts\Panda.Net.Application.Contracts.csproj", "{7E9BFD43-480B-4A17-B620-CC311EBDDCAF}"
EndProject
Project("{9A19103F-16F7-4668-BE54-9A1E7A4F7556}") = "Panda.Net.AuthServer", "module\net\Panda.Net.AuthServer\Panda.Net.AuthServer.csproj", "{369ADCC9-F349-4AA0-B535-61E92A80331B}"
EndProject
Project("{9A19103F-16F7-4668-BE54-9A1E7A4F7556}") = "Panda.Net.DbMigrator", "module\net\Panda.Net.DbMigrator\Panda.Net.DbMigrator.csproj", "{3FFA0613-D172-4888-8AD9-0489BB6DD0E3}"
EndProject
Project("{9A19103F-16F7-4668-BE54-9A1E7A4F7556}") = "Panda.Net.Domain", "module\net\Panda.Net.Domain\Panda.Net.Domain.csproj", "{4A1D7ABE-ED42-405F-932C-E21EB8194F2F}"
EndProject
Project("{9A19103F-16F7-4668-BE54-9A1E7A4F7556}") = "Panda.Net.Domain.Shared", "module\net\Panda.Net.Domain.Shared\Panda.Net.Domain.Shared.csproj", "{223462F6-68A0-4C64-980E-281792CA1472}"
EndProject
Project("{9A19103F-16F7-4668-BE54-9A1E7A4F7556}") = "Panda.Net.EntityFrameworkCore", "module\net\Panda.Net.EntityFrameworkCore\Panda.Net.EntityFrameworkCore.csproj", "{C4FB96D1-98B4-4838-9565-EE3284FCF395}"
EndProject
Project("{9A19103F-16F7-4668-BE54-9A1E7A4F7556}") = "Panda.Net.HttpApi", "module\net\Panda.Net.HttpApi\Panda.Net.HttpApi.csproj", "{EF6BD2E0-5776-4C62-A995-3FCD610839D3}"
EndProject
Project("{9A19103F-16F7-4668-BE54-9A1E7A4F7556}") = "Panda.Net.HttpApi.Client", "module\net\Panda.Net.HttpApi.Client\Panda.Net.HttpApi.Client.csproj", "{DD3D8DEC-6A92-4D71-99E4-36A3053DFC46}"
EndProject
Project("{9A19103F-16F7-4668-BE54-9A1E7A4F7556}") = "Panda.Net.HttpApi.Host", "module\net\Panda.Net.HttpApi.Host\Panda.Net.HttpApi.Host.csproj", "{244E56AC-5132-4293-837B-45EAC71B2082}"
EndProject
Project("{9A19103F-16F7-4668-BE54-9A1E7A4F7556}") = "Panda.Net.WsApi", "module\net\Panda.Net.WsApi\Panda.Net.WsApi.csproj", "{9DF4261A-6CE9-43FC-8E64-BF5A3EEA910F}"
EndProject
Project("{9A19103F-16F7-4668-BE54-9A1E7A4F7556}") = "Panda.Application", "src\Panda.Application\Panda.Application.csproj", "{089C43DD-1EA6-4FE4-928D-A797DABA0E66}"
EndProject
Project("{9A19103F-16F7-4668-BE54-9A1E7A4F7556}") = "Panda.Domain.Shared", "src\Panda.Domain.Shared\Panda.Domain.Shared.csproj", "{A7758D67-960E-43A9-A316-BEF583FD2816}"
EndProject
Project("{9A19103F-16F7-4668-BE54-9A1E7A4F7556}") = "Panda.Application.Contracts", "src\Panda.Application.Contracts\Panda.Application.Contracts.csproj", "{8E3944EB-6BE1-44FB-B093-AC95C1518F03}"
EndProject
Project("{9A19103F-16F7-4668-BE54-9A1E7A4F7556}") = "Panda.Domain", "src\Panda.Domain\Panda.Domain.csproj", "{AB26EC54-F9E3-4C56-B72A-ED5021014A0A}"
EndProject
Project("{9A19103F-16F7-4668-BE54-9A1E7A4F7556}") = "Panda.EntityFrameworkCore", "src\Panda.EntityFrameworkCore\Panda.EntityFrameworkCore.csproj", "{47DE9506-AAEE-4FA6-AD4F-392BCD762296}"
EndProject
Project("{9A19103F-16F7-4668-BE54-9A1E7A4F7556}") = "Panda.HttpApi", "src\Panda.HttpApi\Panda.HttpApi.csproj", "{A2DDD318-749B-4769-866E-D8D66D49C4E9}"
EndProject
Project("{9A19103F-16F7-4668-BE54-9A1E7A4F7556}") = "Panda.HttpApi.Host", "src\Panda.HttpApi.Host\Panda.HttpApi.Host.csproj", "{2C426C02-87DB-4EF9-A4E3-1F0E60AFABF1}"
EndProject
Project("{9A19103F-16F7-4668-BE54-9A1E7A4F7556}") = "Panda.DataDictionary.DbMigrator", "module\data-dictionary\Panda.DataDictionary.DbMigrator\Panda.DataDictionary.DbMigrator.csproj", "{CE792F48-5F9A-4958-AA28-5558B78CBFEC}"
EndProject
Project("{9A19103F-16F7-4668-BE54-9A1E7A4F7556}") = "Panda.DbMigrator", "src\Panda.DbMigrator\Panda.DbMigrator.csproj", "{7CF67573-CEA7-4508-A7DC-BFF426DADE54}"
EndProject
Project("{2150E333-8FDC-42A3-9474-1A3956D46DE8}") = "data-send", "data-send", "{40604230-C0E6-4F05-8680-9C34B4AFB5A1}"
EndProject
Project("{9A19103F-16F7-4668-BE54-9A1E7A4F7556}") = "Panda.DataSend.Domain", "module\data-send\Panda.DataSend.Domain\Panda.DataSend.Domain.csproj", "{6367AB34-23FF-424E-BA5E-077E79BB83DC}"
EndProject
Project("{9A19103F-16F7-4668-BE54-9A1E7A4F7556}") = "Panda.DataSend.Domain.Shared", "module\data-send\Panda.DataSend.Domain.Shared\Panda.DataSend.Domain.Shared.csproj", "{229B6F64-B4E7-48A2-B1AD-57148A70A48B}"
EndProject
Project("{9A19103F-16F7-4668-BE54-9A1E7A4F7556}") = "Panda.DataSend.EntityFrameworkCore", "module\data-send\Panda.DataSend.EntityFrameworkCore\Panda.DataSend.EntityFrameworkCore.csproj", "{1501F21C-09FE-4A17-9A40-CC2CB9BDC94F}"
EndProject
Project("{FAE04EC0-301F-11D3-BF4B-00C04F79EFBC}") = "Panda.DataSend.DbMigrator", "module\data-send\Panda.DataSend.DbMigrator\Panda.DataSend.DbMigrator.csproj", "{935AF392-17BB-4904-BB8B-D7A302BBAA45}"
EndProject
Global
	GlobalSection(SolutionConfigurationPlatforms) = preSolution
		Debug|Any CPU = Debug|Any CPU
		Release|Any CPU = Release|Any CPU
	EndGlobalSection
	GlobalSection(ProjectConfigurationPlatforms) = postSolution
		{50B2631D-129C-47B3-A587-029CCD6099BC}.Debug|Any CPU.ActiveCfg = Debug|Any CPU
		{50B2631D-129C-47B3-A587-029CCD6099BC}.Debug|Any CPU.Build.0 = Debug|Any CPU
		{50B2631D-129C-47B3-A587-029CCD6099BC}.Release|Any CPU.ActiveCfg = Release|Any CPU
		{50B2631D-129C-47B3-A587-029CCD6099BC}.Release|Any CPU.Build.0 = Release|Any CPU
		{1FE30EB9-74A9-47F5-A9F6-7B1FAB672D81}.Debug|Any CPU.ActiveCfg = Debug|Any CPU
		{1FE30EB9-74A9-47F5-A9F6-7B1FAB672D81}.Debug|Any CPU.Build.0 = Debug|Any CPU
		{1FE30EB9-74A9-47F5-A9F6-7B1FAB672D81}.Release|Any CPU.ActiveCfg = Release|Any CPU
		{1FE30EB9-74A9-47F5-A9F6-7B1FAB672D81}.Release|Any CPU.Build.0 = Release|Any CPU
		{91853F21-9CD9-4132-BC29-A7D5D84FFFE7}.Debug|Any CPU.ActiveCfg = Debug|Any CPU
		{91853F21-9CD9-4132-BC29-A7D5D84FFFE7}.Debug|Any CPU.Build.0 = Debug|Any CPU
		{91853F21-9CD9-4132-BC29-A7D5D84FFFE7}.Release|Any CPU.ActiveCfg = Release|Any CPU
		{91853F21-9CD9-4132-BC29-A7D5D84FFFE7}.Release|Any CPU.Build.0 = Release|Any CPU
		{E512F4D9-9375-480F-A2F6-A46509F9D824}.Debug|Any CPU.ActiveCfg = Debug|Any CPU
		{E512F4D9-9375-480F-A2F6-A46509F9D824}.Debug|Any CPU.Build.0 = Debug|Any CPU
		{E512F4D9-9375-480F-A2F6-A46509F9D824}.Release|Any CPU.ActiveCfg = Release|Any CPU
		{E512F4D9-9375-480F-A2F6-A46509F9D824}.Release|Any CPU.Build.0 = Release|Any CPU
		{EF480016-9127-4916-8735-D2466BDBC582}.Debug|Any CPU.ActiveCfg = Debug|Any CPU
		{EF480016-9127-4916-8735-D2466BDBC582}.Debug|Any CPU.Build.0 = Debug|Any CPU
		{EF480016-9127-4916-8735-D2466BDBC582}.Release|Any CPU.ActiveCfg = Release|Any CPU
		{EF480016-9127-4916-8735-D2466BDBC582}.Release|Any CPU.Build.0 = Release|Any CPU
		{46114450-4480-4B52-9617-710B7171B77F}.Debug|Any CPU.ActiveCfg = Debug|Any CPU
		{46114450-4480-4B52-9617-710B7171B77F}.Debug|Any CPU.Build.0 = Debug|Any CPU
		{46114450-4480-4B52-9617-710B7171B77F}.Release|Any CPU.ActiveCfg = Release|Any CPU
		{46114450-4480-4B52-9617-710B7171B77F}.Release|Any CPU.Build.0 = Release|Any CPU
		{376288B4-3E54-4B13-BC4D-9BB303A91B13}.Debug|Any CPU.ActiveCfg = Debug|Any CPU
		{376288B4-3E54-4B13-BC4D-9BB303A91B13}.Debug|Any CPU.Build.0 = Debug|Any CPU
		{376288B4-3E54-4B13-BC4D-9BB303A91B13}.Release|Any CPU.ActiveCfg = Release|Any CPU
		{376288B4-3E54-4B13-BC4D-9BB303A91B13}.Release|Any CPU.Build.0 = Release|Any CPU
		{861127ED-40D4-4AA8-9CFE-25C206F449F5}.Debug|Any CPU.ActiveCfg = Debug|Any CPU
		{861127ED-40D4-4AA8-9CFE-25C206F449F5}.Debug|Any CPU.Build.0 = Debug|Any CPU
		{861127ED-40D4-4AA8-9CFE-25C206F449F5}.Release|Any CPU.ActiveCfg = Release|Any CPU
		{861127ED-40D4-4AA8-9CFE-25C206F449F5}.Release|Any CPU.Build.0 = Release|Any CPU
		{68B14828-7266-445D-86C6-330F8AFBFC4B}.Debug|Any CPU.ActiveCfg = Debug|Any CPU
		{68B14828-7266-445D-86C6-330F8AFBFC4B}.Debug|Any CPU.Build.0 = Debug|Any CPU
		{68B14828-7266-445D-86C6-330F8AFBFC4B}.Release|Any CPU.ActiveCfg = Release|Any CPU
		{68B14828-7266-445D-86C6-330F8AFBFC4B}.Release|Any CPU.Build.0 = Release|Any CPU
		{1A53814E-FC62-40FE-9814-E8F687FE2C99}.Debug|Any CPU.ActiveCfg = Debug|Any CPU
		{1A53814E-FC62-40FE-9814-E8F687FE2C99}.Debug|Any CPU.Build.0 = Debug|Any CPU
		{1A53814E-FC62-40FE-9814-E8F687FE2C99}.Release|Any CPU.ActiveCfg = Release|Any CPU
		{1A53814E-FC62-40FE-9814-E8F687FE2C99}.Release|Any CPU.Build.0 = Release|Any CPU
		{FFAD0449-B7B9-470A-B39F-2C60C9859DD5}.Debug|Any CPU.ActiveCfg = Debug|Any CPU
		{FFAD0449-B7B9-470A-B39F-2C60C9859DD5}.Debug|Any CPU.Build.0 = Debug|Any CPU
		{FFAD0449-B7B9-470A-B39F-2C60C9859DD5}.Release|Any CPU.ActiveCfg = Release|Any CPU
		{FFAD0449-B7B9-470A-B39F-2C60C9859DD5}.Release|Any CPU.Build.0 = Release|Any CPU
		{AC1BC9EB-7092-4BA1-9963-FEC9286F496F}.Debug|Any CPU.ActiveCfg = Debug|Any CPU
		{AC1BC9EB-7092-4BA1-9963-FEC9286F496F}.Debug|Any CPU.Build.0 = Debug|Any CPU
		{AC1BC9EB-7092-4BA1-9963-FEC9286F496F}.Release|Any CPU.ActiveCfg = Release|Any CPU
		{AC1BC9EB-7092-4BA1-9963-FEC9286F496F}.Release|Any CPU.Build.0 = Release|Any CPU
		{FA585467-8179-4695-AE7A-51E677127381}.Debug|Any CPU.ActiveCfg = Debug|Any CPU
		{FA585467-8179-4695-AE7A-51E677127381}.Debug|Any CPU.Build.0 = Debug|Any CPU
		{FA585467-8179-4695-AE7A-51E677127381}.Release|Any CPU.ActiveCfg = Release|Any CPU
		{FA585467-8179-4695-AE7A-51E677127381}.Release|Any CPU.Build.0 = Release|Any CPU
		{6622041F-BC7C-408D-9563-4957B87664BD}.Debug|Any CPU.ActiveCfg = Debug|Any CPU
		{6622041F-BC7C-408D-9563-4957B87664BD}.Debug|Any CPU.Build.0 = Debug|Any CPU
		{6622041F-BC7C-408D-9563-4957B87664BD}.Release|Any CPU.ActiveCfg = Release|Any CPU
		{6622041F-BC7C-408D-9563-4957B87664BD}.Release|Any CPU.Build.0 = Release|Any CPU
		{EB16D624-C753-44D5-8E8F-CABB0A2A320F}.Debug|Any CPU.ActiveCfg = Debug|Any CPU
		{EB16D624-C753-44D5-8E8F-CABB0A2A320F}.Debug|Any CPU.Build.0 = Debug|Any CPU
		{EB16D624-C753-44D5-8E8F-CABB0A2A320F}.Release|Any CPU.ActiveCfg = Release|Any CPU
		{EB16D624-C753-44D5-8E8F-CABB0A2A320F}.Release|Any CPU.Build.0 = Release|Any CPU
		{CA44A019-A833-4EB4-9287-EF5059D002E1}.Debug|Any CPU.ActiveCfg = Debug|Any CPU
		{CA44A019-A833-4EB4-9287-EF5059D002E1}.Debug|Any CPU.Build.0 = Debug|Any CPU
		{CA44A019-A833-4EB4-9287-EF5059D002E1}.Release|Any CPU.ActiveCfg = Release|Any CPU
		{CA44A019-A833-4EB4-9287-EF5059D002E1}.Release|Any CPU.Build.0 = Release|Any CPU
		{81119FA5-DC60-43D0-9710-259A8CE88573}.Debug|Any CPU.ActiveCfg = Debug|Any CPU
		{81119FA5-DC60-43D0-9710-259A8CE88573}.Debug|Any CPU.Build.0 = Debug|Any CPU
		{81119FA5-DC60-43D0-9710-259A8CE88573}.Release|Any CPU.ActiveCfg = Release|Any CPU
		{81119FA5-DC60-43D0-9710-259A8CE88573}.Release|Any CPU.Build.0 = Release|Any CPU
		{563F041A-9DA8-4172-A71B-FA18D22757DE}.Debug|Any CPU.ActiveCfg = Debug|Any CPU
		{563F041A-9DA8-4172-A71B-FA18D22757DE}.Debug|Any CPU.Build.0 = Debug|Any CPU
		{563F041A-9DA8-4172-A71B-FA18D22757DE}.Release|Any CPU.ActiveCfg = Release|Any CPU
		{563F041A-9DA8-4172-A71B-FA18D22757DE}.Release|Any CPU.Build.0 = Release|Any CPU
		{5273AFCB-6E97-4E3B-A54F-B77ECFDA6AB2}.Debug|Any CPU.ActiveCfg = Debug|Any CPU
		{5273AFCB-6E97-4E3B-A54F-B77ECFDA6AB2}.Debug|Any CPU.Build.0 = Debug|Any CPU
		{5273AFCB-6E97-4E3B-A54F-B77ECFDA6AB2}.Release|Any CPU.ActiveCfg = Release|Any CPU
		{5273AFCB-6E97-4E3B-A54F-B77ECFDA6AB2}.Release|Any CPU.Build.0 = Release|Any CPU
		{EAE10725-E751-464D-9472-CF2531DE6B19}.Debug|Any CPU.ActiveCfg = Debug|Any CPU
		{EAE10725-E751-464D-9472-CF2531DE6B19}.Debug|Any CPU.Build.0 = Debug|Any CPU
		{EAE10725-E751-464D-9472-CF2531DE6B19}.Release|Any CPU.ActiveCfg = Release|Any CPU
		{EAE10725-E751-464D-9472-CF2531DE6B19}.Release|Any CPU.Build.0 = Release|Any CPU
		{3AA998A3-0B84-45FE-A064-B3F63FD9C7A8}.Debug|Any CPU.ActiveCfg = Debug|Any CPU
		{3AA998A3-0B84-45FE-A064-B3F63FD9C7A8}.Debug|Any CPU.Build.0 = Debug|Any CPU
		{3AA998A3-0B84-45FE-A064-B3F63FD9C7A8}.Release|Any CPU.ActiveCfg = Release|Any CPU
		{3AA998A3-0B84-45FE-A064-B3F63FD9C7A8}.Release|Any CPU.Build.0 = Release|Any CPU
		{F7D2BEC5-C80B-4357-865D-76D320B2E382}.Debug|Any CPU.ActiveCfg = Debug|Any CPU
		{F7D2BEC5-C80B-4357-865D-76D320B2E382}.Debug|Any CPU.Build.0 = Debug|Any CPU
		{F7D2BEC5-C80B-4357-865D-76D320B2E382}.Release|Any CPU.ActiveCfg = Release|Any CPU
		{F7D2BEC5-C80B-4357-865D-76D320B2E382}.Release|Any CPU.Build.0 = Release|Any CPU
		{07945DA7-E335-4F87-B3FE-BA7CCF8C78D9}.Debug|Any CPU.ActiveCfg = Debug|Any CPU
		{07945DA7-E335-4F87-B3FE-BA7CCF8C78D9}.Debug|Any CPU.Build.0 = Debug|Any CPU
		{07945DA7-E335-4F87-B3FE-BA7CCF8C78D9}.Release|Any CPU.ActiveCfg = Release|Any CPU
		{07945DA7-E335-4F87-B3FE-BA7CCF8C78D9}.Release|Any CPU.Build.0 = Release|Any CPU
		{F1448C6C-4895-4AF9-98F4-181398DE4558}.Debug|Any CPU.ActiveCfg = Debug|Any CPU
		{F1448C6C-4895-4AF9-98F4-181398DE4558}.Debug|Any CPU.Build.0 = Debug|Any CPU
		{F1448C6C-4895-4AF9-98F4-181398DE4558}.Release|Any CPU.ActiveCfg = Release|Any CPU
		{F1448C6C-4895-4AF9-98F4-181398DE4558}.Release|Any CPU.Build.0 = Release|Any CPU
		{CAC26B4D-359B-40DF-9531-C4A61EE067FB}.Debug|Any CPU.ActiveCfg = Debug|Any CPU
		{CAC26B4D-359B-40DF-9531-C4A61EE067FB}.Debug|Any CPU.Build.0 = Debug|Any CPU
		{CAC26B4D-359B-40DF-9531-C4A61EE067FB}.Release|Any CPU.ActiveCfg = Release|Any CPU
		{CAC26B4D-359B-40DF-9531-C4A61EE067FB}.Release|Any CPU.Build.0 = Release|Any CPU
		{B9D6D077-AE28-4C9E-9775-11F7F027AB02}.Debug|Any CPU.ActiveCfg = Debug|Any CPU
		{B9D6D077-AE28-4C9E-9775-11F7F027AB02}.Debug|Any CPU.Build.0 = Debug|Any CPU
		{B9D6D077-AE28-4C9E-9775-11F7F027AB02}.Release|Any CPU.ActiveCfg = Release|Any CPU
		{B9D6D077-AE28-4C9E-9775-11F7F027AB02}.Release|Any CPU.Build.0 = Release|Any CPU
		{6F760962-2EC7-4AB7-B673-102977D69EBB}.Debug|Any CPU.ActiveCfg = Debug|Any CPU
		{6F760962-2EC7-4AB7-B673-102977D69EBB}.Debug|Any CPU.Build.0 = Debug|Any CPU
		{6F760962-2EC7-4AB7-B673-102977D69EBB}.Release|Any CPU.ActiveCfg = Release|Any CPU
		{6F760962-2EC7-4AB7-B673-102977D69EBB}.Release|Any CPU.Build.0 = Release|Any CPU
		{B0C78351-AE43-435A-BDF5-BE37C33E4F3C}.Debug|Any CPU.ActiveCfg = Debug|Any CPU
		{B0C78351-AE43-435A-BDF5-BE37C33E4F3C}.Debug|Any CPU.Build.0 = Debug|Any CPU
		{B0C78351-AE43-435A-BDF5-BE37C33E4F3C}.Release|Any CPU.ActiveCfg = Release|Any CPU
		{B0C78351-AE43-435A-BDF5-BE37C33E4F3C}.Release|Any CPU.Build.0 = Release|Any CPU
		{23A12996-9E96-444E-9E95-0DB124123116}.Debug|Any CPU.ActiveCfg = Debug|Any CPU
		{23A12996-9E96-444E-9E95-0DB124123116}.Debug|Any CPU.Build.0 = Debug|Any CPU
		{23A12996-9E96-444E-9E95-0DB124123116}.Release|Any CPU.ActiveCfg = Release|Any CPU
		{23A12996-9E96-444E-9E95-0DB124123116}.Release|Any CPU.Build.0 = Release|Any CPU
		{372C84D6-8A20-46BD-8806-167C6D6F4E9A}.Debug|Any CPU.ActiveCfg = Debug|Any CPU
		{372C84D6-8A20-46BD-8806-167C6D6F4E9A}.Debug|Any CPU.Build.0 = Debug|Any CPU
		{372C84D6-8A20-46BD-8806-167C6D6F4E9A}.Release|Any CPU.ActiveCfg = Release|Any CPU
		{372C84D6-8A20-46BD-8806-167C6D6F4E9A}.Release|Any CPU.Build.0 = Release|Any CPU
		{5826E51B-EA38-4674-9EDF-6D2FF1387EA6}.Debug|Any CPU.ActiveCfg = Debug|Any CPU
		{5826E51B-EA38-4674-9EDF-6D2FF1387EA6}.Debug|Any CPU.Build.0 = Debug|Any CPU
		{5826E51B-EA38-4674-9EDF-6D2FF1387EA6}.Release|Any CPU.ActiveCfg = Release|Any CPU
		{5826E51B-EA38-4674-9EDF-6D2FF1387EA6}.Release|Any CPU.Build.0 = Release|Any CPU
		{4A0B5EC5-6DDC-4A9D-95D6-FD125D40F9A2}.Debug|Any CPU.ActiveCfg = Debug|Any CPU
		{4A0B5EC5-6DDC-4A9D-95D6-FD125D40F9A2}.Debug|Any CPU.Build.0 = Debug|Any CPU
		{4A0B5EC5-6DDC-4A9D-95D6-FD125D40F9A2}.Release|Any CPU.ActiveCfg = Release|Any CPU
		{4A0B5EC5-6DDC-4A9D-95D6-FD125D40F9A2}.Release|Any CPU.Build.0 = Release|Any CPU
		{D2ECEE7A-95CE-444A-882E-BFC910ECA174}.Debug|Any CPU.ActiveCfg = Debug|Any CPU
		{D2ECEE7A-95CE-444A-882E-BFC910ECA174}.Debug|Any CPU.Build.0 = Debug|Any CPU
		{D2ECEE7A-95CE-444A-882E-BFC910ECA174}.Release|Any CPU.ActiveCfg = Release|Any CPU
		{D2ECEE7A-95CE-444A-882E-BFC910ECA174}.Release|Any CPU.Build.0 = Release|Any CPU
		{3B42E56B-416D-479D-96D5-F837FE745A70}.Debug|Any CPU.ActiveCfg = Debug|Any CPU
		{3B42E56B-416D-479D-96D5-F837FE745A70}.Debug|Any CPU.Build.0 = Debug|Any CPU
		{3B42E56B-416D-479D-96D5-F837FE745A70}.Release|Any CPU.ActiveCfg = Release|Any CPU
		{3B42E56B-416D-479D-96D5-F837FE745A70}.Release|Any CPU.Build.0 = Release|Any CPU
		{D6E16A97-EB09-4F9D-AAA6-BB0FF1E6AF4A}.Debug|Any CPU.ActiveCfg = Debug|Any CPU
		{D6E16A97-EB09-4F9D-AAA6-BB0FF1E6AF4A}.Debug|Any CPU.Build.0 = Debug|Any CPU
		{D6E16A97-EB09-4F9D-AAA6-BB0FF1E6AF4A}.Release|Any CPU.ActiveCfg = Release|Any CPU
		{D6E16A97-EB09-4F9D-AAA6-BB0FF1E6AF4A}.Release|Any CPU.Build.0 = Release|Any CPU
		{35FDB920-8419-4942-86F2-0DC095DD8BB3}.Debug|Any CPU.ActiveCfg = Debug|Any CPU
		{35FDB920-8419-4942-86F2-0DC095DD8BB3}.Debug|Any CPU.Build.0 = Debug|Any CPU
		{35FDB920-8419-4942-86F2-0DC095DD8BB3}.Release|Any CPU.ActiveCfg = Release|Any CPU
		{35FDB920-8419-4942-86F2-0DC095DD8BB3}.Release|Any CPU.Build.0 = Release|Any CPU
		{98D03625-F78E-4698-84A5-CD66B25E18D0}.Debug|Any CPU.ActiveCfg = Debug|Any CPU
		{98D03625-F78E-4698-84A5-CD66B25E18D0}.Debug|Any CPU.Build.0 = Debug|Any CPU
		{98D03625-F78E-4698-84A5-CD66B25E18D0}.Release|Any CPU.ActiveCfg = Release|Any CPU
		{98D03625-F78E-4698-84A5-CD66B25E18D0}.Release|Any CPU.Build.0 = Release|Any CPU
		{EF2A6878-4513-475F-B51B-C9D4CED11F7E}.Debug|Any CPU.ActiveCfg = Debug|Any CPU
		{EF2A6878-4513-475F-B51B-C9D4CED11F7E}.Debug|Any CPU.Build.0 = Debug|Any CPU
		{EF2A6878-4513-475F-B51B-C9D4CED11F7E}.Release|Any CPU.ActiveCfg = Release|Any CPU
		{EF2A6878-4513-475F-B51B-C9D4CED11F7E}.Release|Any CPU.Build.0 = Release|Any CPU
		{0800DB74-0949-4F2D-8C71-5299F587CCE2}.Debug|Any CPU.ActiveCfg = Debug|Any CPU
		{0800DB74-0949-4F2D-8C71-5299F587CCE2}.Debug|Any CPU.Build.0 = Debug|Any CPU
		{0800DB74-0949-4F2D-8C71-5299F587CCE2}.Release|Any CPU.ActiveCfg = Release|Any CPU
		{0800DB74-0949-4F2D-8C71-5299F587CCE2}.Release|Any CPU.Build.0 = Release|Any CPU
		{39CFD89B-4819-4900-8267-2DF57C29B8D8}.Debug|Any CPU.ActiveCfg = Debug|Any CPU
		{39CFD89B-4819-4900-8267-2DF57C29B8D8}.Debug|Any CPU.Build.0 = Debug|Any CPU
		{39CFD89B-4819-4900-8267-2DF57C29B8D8}.Release|Any CPU.ActiveCfg = Release|Any CPU
		{39CFD89B-4819-4900-8267-2DF57C29B8D8}.Release|Any CPU.Build.0 = Release|Any CPU
		{FCAEE70B-EE82-46A8-9F5F-FB2E75C433FC}.Debug|Any CPU.ActiveCfg = Debug|Any CPU
		{FCAEE70B-EE82-46A8-9F5F-FB2E75C433FC}.Debug|Any CPU.Build.0 = Debug|Any CPU
		{FCAEE70B-EE82-46A8-9F5F-FB2E75C433FC}.Release|Any CPU.ActiveCfg = Release|Any CPU
		{FCAEE70B-EE82-46A8-9F5F-FB2E75C433FC}.Release|Any CPU.Build.0 = Release|Any CPU
		{BB5B5208-602B-42B4-BBA7-0AF81359E591}.Debug|Any CPU.ActiveCfg = Debug|Any CPU
		{BB5B5208-602B-42B4-BBA7-0AF81359E591}.Debug|Any CPU.Build.0 = Debug|Any CPU
		{BB5B5208-602B-42B4-BBA7-0AF81359E591}.Release|Any CPU.ActiveCfg = Release|Any CPU
		{BB5B5208-602B-42B4-BBA7-0AF81359E591}.Release|Any CPU.Build.0 = Release|Any CPU
		{7E9BFD43-480B-4A17-B620-CC311EBDDCAF}.Debug|Any CPU.ActiveCfg = Debug|Any CPU
		{7E9BFD43-480B-4A17-B620-CC311EBDDCAF}.Debug|Any CPU.Build.0 = Debug|Any CPU
		{7E9BFD43-480B-4A17-B620-CC311EBDDCAF}.Release|Any CPU.ActiveCfg = Release|Any CPU
		{7E9BFD43-480B-4A17-B620-CC311EBDDCAF}.Release|Any CPU.Build.0 = Release|Any CPU
		{369ADCC9-F349-4AA0-B535-61E92A80331B}.Debug|Any CPU.ActiveCfg = Debug|Any CPU
		{369ADCC9-F349-4AA0-B535-61E92A80331B}.Debug|Any CPU.Build.0 = Debug|Any CPU
		{369ADCC9-F349-4AA0-B535-61E92A80331B}.Release|Any CPU.ActiveCfg = Release|Any CPU
		{369ADCC9-F349-4AA0-B535-61E92A80331B}.Release|Any CPU.Build.0 = Release|Any CPU
		{3FFA0613-D172-4888-8AD9-0489BB6DD0E3}.Debug|Any CPU.ActiveCfg = Debug|Any CPU
		{3FFA0613-D172-4888-8AD9-0489BB6DD0E3}.Debug|Any CPU.Build.0 = Debug|Any CPU
		{3FFA0613-D172-4888-8AD9-0489BB6DD0E3}.Release|Any CPU.ActiveCfg = Release|Any CPU
		{3FFA0613-D172-4888-8AD9-0489BB6DD0E3}.Release|Any CPU.Build.0 = Release|Any CPU
		{4A1D7ABE-ED42-405F-932C-E21EB8194F2F}.Debug|Any CPU.ActiveCfg = Debug|Any CPU
		{4A1D7ABE-ED42-405F-932C-E21EB8194F2F}.Debug|Any CPU.Build.0 = Debug|Any CPU
		{4A1D7ABE-ED42-405F-932C-E21EB8194F2F}.Release|Any CPU.ActiveCfg = Release|Any CPU
		{4A1D7ABE-ED42-405F-932C-E21EB8194F2F}.Release|Any CPU.Build.0 = Release|Any CPU
		{223462F6-68A0-4C64-980E-281792CA1472}.Debug|Any CPU.ActiveCfg = Debug|Any CPU
		{223462F6-68A0-4C64-980E-281792CA1472}.Debug|Any CPU.Build.0 = Debug|Any CPU
		{223462F6-68A0-4C64-980E-281792CA1472}.Release|Any CPU.ActiveCfg = Release|Any CPU
		{223462F6-68A0-4C64-980E-281792CA1472}.Release|Any CPU.Build.0 = Release|Any CPU
		{C4FB96D1-98B4-4838-9565-EE3284FCF395}.Debug|Any CPU.ActiveCfg = Debug|Any CPU
		{C4FB96D1-98B4-4838-9565-EE3284FCF395}.Debug|Any CPU.Build.0 = Debug|Any CPU
		{C4FB96D1-98B4-4838-9565-EE3284FCF395}.Release|Any CPU.ActiveCfg = Release|Any CPU
		{C4FB96D1-98B4-4838-9565-EE3284FCF395}.Release|Any CPU.Build.0 = Release|Any CPU
		{EF6BD2E0-5776-4C62-A995-3FCD610839D3}.Debug|Any CPU.ActiveCfg = Debug|Any CPU
		{EF6BD2E0-5776-4C62-A995-3FCD610839D3}.Debug|Any CPU.Build.0 = Debug|Any CPU
		{EF6BD2E0-5776-4C62-A995-3FCD610839D3}.Release|Any CPU.ActiveCfg = Release|Any CPU
		{EF6BD2E0-5776-4C62-A995-3FCD610839D3}.Release|Any CPU.Build.0 = Release|Any CPU
		{DD3D8DEC-6A92-4D71-99E4-36A3053DFC46}.Debug|Any CPU.ActiveCfg = Debug|Any CPU
		{DD3D8DEC-6A92-4D71-99E4-36A3053DFC46}.Debug|Any CPU.Build.0 = Debug|Any CPU
		{DD3D8DEC-6A92-4D71-99E4-36A3053DFC46}.Release|Any CPU.ActiveCfg = Release|Any CPU
		{DD3D8DEC-6A92-4D71-99E4-36A3053DFC46}.Release|Any CPU.Build.0 = Release|Any CPU
		{244E56AC-5132-4293-837B-45EAC71B2082}.Debug|Any CPU.ActiveCfg = Debug|Any CPU
		{244E56AC-5132-4293-837B-45EAC71B2082}.Debug|Any CPU.Build.0 = Debug|Any CPU
		{244E56AC-5132-4293-837B-45EAC71B2082}.Release|Any CPU.ActiveCfg = Release|Any CPU
		{244E56AC-5132-4293-837B-45EAC71B2082}.Release|Any CPU.Build.0 = Release|Any CPU
		{9DF4261A-6CE9-43FC-8E64-BF5A3EEA910F}.Debug|Any CPU.ActiveCfg = Debug|Any CPU
		{9DF4261A-6CE9-43FC-8E64-BF5A3EEA910F}.Debug|Any CPU.Build.0 = Debug|Any CPU
		{9DF4261A-6CE9-43FC-8E64-BF5A3EEA910F}.Release|Any CPU.ActiveCfg = Release|Any CPU
		{9DF4261A-6CE9-43FC-8E64-BF5A3EEA910F}.Release|Any CPU.Build.0 = Release|Any CPU
		{089C43DD-1EA6-4FE4-928D-A797DABA0E66}.Debug|Any CPU.ActiveCfg = Debug|Any CPU
		{089C43DD-1EA6-4FE4-928D-A797DABA0E66}.Debug|Any CPU.Build.0 = Debug|Any CPU
		{089C43DD-1EA6-4FE4-928D-A797DABA0E66}.Release|Any CPU.ActiveCfg = Release|Any CPU
		{089C43DD-1EA6-4FE4-928D-A797DABA0E66}.Release|Any CPU.Build.0 = Release|Any CPU
		{A7758D67-960E-43A9-A316-BEF583FD2816}.Debug|Any CPU.ActiveCfg = Debug|Any CPU
		{A7758D67-960E-43A9-A316-BEF583FD2816}.Debug|Any CPU.Build.0 = Debug|Any CPU
		{A7758D67-960E-43A9-A316-BEF583FD2816}.Release|Any CPU.ActiveCfg = Release|Any CPU
		{A7758D67-960E-43A9-A316-BEF583FD2816}.Release|Any CPU.Build.0 = Release|Any CPU
		{8E3944EB-6BE1-44FB-B093-AC95C1518F03}.Debug|Any CPU.ActiveCfg = Debug|Any CPU
		{8E3944EB-6BE1-44FB-B093-AC95C1518F03}.Debug|Any CPU.Build.0 = Debug|Any CPU
		{8E3944EB-6BE1-44FB-B093-AC95C1518F03}.Release|Any CPU.ActiveCfg = Release|Any CPU
		{8E3944EB-6BE1-44FB-B093-AC95C1518F03}.Release|Any CPU.Build.0 = Release|Any CPU
		{AB26EC54-F9E3-4C56-B72A-ED5021014A0A}.Debug|Any CPU.ActiveCfg = Debug|Any CPU
		{AB26EC54-F9E3-4C56-B72A-ED5021014A0A}.Debug|Any CPU.Build.0 = Debug|Any CPU
		{AB26EC54-F9E3-4C56-B72A-ED5021014A0A}.Release|Any CPU.ActiveCfg = Release|Any CPU
		{AB26EC54-F9E3-4C56-B72A-ED5021014A0A}.Release|Any CPU.Build.0 = Release|Any CPU
		{47DE9506-AAEE-4FA6-AD4F-392BCD762296}.Debug|Any CPU.ActiveCfg = Debug|Any CPU
		{47DE9506-AAEE-4FA6-AD4F-392BCD762296}.Debug|Any CPU.Build.0 = Debug|Any CPU
		{47DE9506-AAEE-4FA6-AD4F-392BCD762296}.Release|Any CPU.ActiveCfg = Release|Any CPU
		{47DE9506-AAEE-4FA6-AD4F-392BCD762296}.Release|Any CPU.Build.0 = Release|Any CPU
		{A2DDD318-749B-4769-866E-D8D66D49C4E9}.Debug|Any CPU.ActiveCfg = Debug|Any CPU
		{A2DDD318-749B-4769-866E-D8D66D49C4E9}.Debug|Any CPU.Build.0 = Debug|Any CPU
		{A2DDD318-749B-4769-866E-D8D66D49C4E9}.Release|Any CPU.ActiveCfg = Release|Any CPU
		{A2DDD318-749B-4769-866E-D8D66D49C4E9}.Release|Any CPU.Build.0 = Release|Any CPU
		{2C426C02-87DB-4EF9-A4E3-1F0E60AFABF1}.Debug|Any CPU.ActiveCfg = Debug|Any CPU
		{2C426C02-87DB-4EF9-A4E3-1F0E60AFABF1}.Debug|Any CPU.Build.0 = Debug|Any CPU
		{2C426C02-87DB-4EF9-A4E3-1F0E60AFABF1}.Release|Any CPU.ActiveCfg = Release|Any CPU
		{2C426C02-87DB-4EF9-A4E3-1F0E60AFABF1}.Release|Any CPU.Build.0 = Release|Any CPU
		{CE792F48-5F9A-4958-AA28-5558B78CBFEC}.Debug|Any CPU.ActiveCfg = Debug|Any CPU
		{CE792F48-5F9A-4958-AA28-5558B78CBFEC}.Debug|Any CPU.Build.0 = Debug|Any CPU
		{CE792F48-5F9A-4958-AA28-5558B78CBFEC}.Release|Any CPU.ActiveCfg = Release|Any CPU
		{CE792F48-5F9A-4958-AA28-5558B78CBFEC}.Release|Any CPU.Build.0 = Release|Any CPU
		{7CF67573-CEA7-4508-A7DC-BFF426DADE54}.Debug|Any CPU.ActiveCfg = Debug|Any CPU
		{7CF67573-CEA7-4508-A7DC-BFF426DADE54}.Debug|Any CPU.Build.0 = Debug|Any CPU
		{7CF67573-CEA7-4508-A7DC-BFF426DADE54}.Release|Any CPU.ActiveCfg = Release|Any CPU
		{7CF67573-CEA7-4508-A7DC-BFF426DADE54}.Release|Any CPU.Build.0 = Release|Any CPU
		{6367AB34-23FF-424E-BA5E-077E79BB83DC}.Debug|Any CPU.ActiveCfg = Debug|Any CPU
		{6367AB34-23FF-424E-BA5E-077E79BB83DC}.Debug|Any CPU.Build.0 = Debug|Any CPU
		{6367AB34-23FF-424E-BA5E-077E79BB83DC}.Release|Any CPU.ActiveCfg = Release|Any CPU
		{6367AB34-23FF-424E-BA5E-077E79BB83DC}.Release|Any CPU.Build.0 = Release|Any CPU
		{229B6F64-B4E7-48A2-B1AD-57148A70A48B}.Debug|Any CPU.ActiveCfg = Debug|Any CPU
		{229B6F64-B4E7-48A2-B1AD-57148A70A48B}.Debug|Any CPU.Build.0 = Debug|Any CPU
		{229B6F64-B4E7-48A2-B1AD-57148A70A48B}.Release|Any CPU.ActiveCfg = Release|Any CPU
		{229B6F64-B4E7-48A2-B1AD-57148A70A48B}.Release|Any CPU.Build.0 = Release|Any CPU
		{1501F21C-09FE-4A17-9A40-CC2CB9BDC94F}.Debug|Any CPU.ActiveCfg = Debug|Any CPU
		{1501F21C-09FE-4A17-9A40-CC2CB9BDC94F}.Debug|Any CPU.Build.0 = Debug|Any CPU
		{1501F21C-09FE-4A17-9A40-CC2CB9BDC94F}.Release|Any CPU.ActiveCfg = Release|Any CPU
		{1501F21C-09FE-4A17-9A40-CC2CB9BDC94F}.Release|Any CPU.Build.0 = Release|Any CPU
		{935AF392-17BB-4904-BB8B-D7A302BBAA45}.Debug|Any CPU.ActiveCfg = Debug|Any CPU
		{935AF392-17BB-4904-BB8B-D7A302BBAA45}.Debug|Any CPU.Build.0 = Debug|Any CPU
		{935AF392-17BB-4904-BB8B-D7A302BBAA45}.Release|Any CPU.ActiveCfg = Release|Any CPU
		{935AF392-17BB-4904-BB8B-D7A302BBAA45}.Release|Any CPU.Build.0 = Release|Any CPU
	EndGlobalSection
	GlobalSection(SolutionProperties) = preSolution
		HideSolutionNode = FALSE
	EndGlobalSection
	GlobalSection(NestedProjects) = preSolution
		{50B2631D-129C-47B3-A587-029CCD6099BC} = {04DBDB01-70F4-4E06-B468-8F87850B22BE}
		{1FE30EB9-74A9-47F5-A9F6-7B1FAB672D81} = {04DBDB01-70F4-4E06-B468-8F87850B22BE}
		{91853F21-9CD9-4132-BC29-A7D5D84FFFE7} = {04DBDB01-70F4-4E06-B468-8F87850B22BE}
		{E512F4D9-9375-480F-A2F6-A46509F9D824} = {04DBDB01-70F4-4E06-B468-8F87850B22BE}
		{EF480016-9127-4916-8735-D2466BDBC582} = {04DBDB01-70F4-4E06-B468-8F87850B22BE}
		{46114450-4480-4B52-9617-710B7171B77F} = {04DBDB01-70F4-4E06-B468-8F87850B22BE}
		{8A0C4957-E914-4329-BBF1-0B56FC9941FE} = {04DBDB01-70F4-4E06-B468-8F87850B22BE}
		{21C67B39-4415-4FA0-8596-8535DF7E9A3F} = {C5F8CF87-FF4A-407A-929D-516DAC5A9D1D}
		{376288B4-3E54-4B13-BC4D-9BB303A91B13} = {21C67B39-4415-4FA0-8596-8535DF7E9A3F}
		{861127ED-40D4-4AA8-9CFE-25C206F449F5} = {21C67B39-4415-4FA0-8596-8535DF7E9A3F}
		{68B14828-7266-445D-86C6-330F8AFBFC4B} = {21C67B39-4415-4FA0-8596-8535DF7E9A3F}
		{1A53814E-FC62-40FE-9814-E8F687FE2C99} = {21C67B39-4415-4FA0-8596-8535DF7E9A3F}
		{FFAD0449-B7B9-470A-B39F-2C60C9859DD5} = {21C67B39-4415-4FA0-8596-8535DF7E9A3F}
		{73622126-E598-43DF-B9F5-ADFDD04FA016} = {C5F8CF87-FF4A-407A-929D-516DAC5A9D1D}
		{AC1BC9EB-7092-4BA1-9963-FEC9286F496F} = {73622126-E598-43DF-B9F5-ADFDD04FA016}
		{FA585467-8179-4695-AE7A-51E677127381} = {73622126-E598-43DF-B9F5-ADFDD04FA016}
		{6622041F-BC7C-408D-9563-4957B87664BD} = {73622126-E598-43DF-B9F5-ADFDD04FA016}
		{EB16D624-C753-44D5-8E8F-CABB0A2A320F} = {73622126-E598-43DF-B9F5-ADFDD04FA016}
		{CA44A019-A833-4EB4-9287-EF5059D002E1} = {73622126-E598-43DF-B9F5-ADFDD04FA016}
		{81119FA5-DC60-43D0-9710-259A8CE88573} = {73622126-E598-43DF-B9F5-ADFDD04FA016}
		{563F041A-9DA8-4172-A71B-FA18D22757DE} = {73622126-E598-43DF-B9F5-ADFDD04FA016}
		{5273AFCB-6E97-4E3B-A54F-B77ECFDA6AB2} = {73622126-E598-43DF-B9F5-ADFDD04FA016}
		{EAE10725-E751-464D-9472-CF2531DE6B19} = {73622126-E598-43DF-B9F5-ADFDD04FA016}
		{3AA998A3-0B84-45FE-A064-B3F63FD9C7A8} = {73622126-E598-43DF-B9F5-ADFDD04FA016}
		{F7D2BEC5-C80B-4357-865D-76D320B2E382} = {73622126-E598-43DF-B9F5-ADFDD04FA016}
		{07945DA7-E335-4F87-B3FE-BA7CCF8C78D9} = {73622126-E598-43DF-B9F5-ADFDD04FA016}
		{3AE73BC3-8D7A-4617-9C85-B508A224B7F4} = {C5F8CF87-FF4A-407A-929D-516DAC5A9D1D}
		{F1448C6C-4895-4AF9-98F4-181398DE4558} = {3AE73BC3-8D7A-4617-9C85-B508A224B7F4}
		{CAC26B4D-359B-40DF-9531-C4A61EE067FB} = {3AE73BC3-8D7A-4617-9C85-B508A224B7F4}
		{B9D6D077-AE28-4C9E-9775-11F7F027AB02} = {3AE73BC3-8D7A-4617-9C85-B508A224B7F4}
		{6F760962-2EC7-4AB7-B673-102977D69EBB} = {3AE73BC3-8D7A-4617-9C85-B508A224B7F4}
		{B0C78351-AE43-435A-BDF5-BE37C33E4F3C} = {3AE73BC3-8D7A-4617-9C85-B508A224B7F4}
		{23A12996-9E96-444E-9E95-0DB124123116} = {3AE73BC3-8D7A-4617-9C85-B508A224B7F4}
		{372C84D6-8A20-46BD-8806-167C6D6F4E9A} = {3AE73BC3-8D7A-4617-9C85-B508A224B7F4}
		{4F66F60E-14D7-4FD5-BAD9-A8452C5EAB7D} = {C5F8CF87-FF4A-407A-929D-516DAC5A9D1D}
		{5826E51B-EA38-4674-9EDF-6D2FF1387EA6} = {4F66F60E-14D7-4FD5-BAD9-A8452C5EAB7D}
		{4A0B5EC5-6DDC-4A9D-95D6-FD125D40F9A2} = {4F66F60E-14D7-4FD5-BAD9-A8452C5EAB7D}
		{D2ECEE7A-95CE-444A-882E-BFC910ECA174} = {4F66F60E-14D7-4FD5-BAD9-A8452C5EAB7D}
		{3B42E56B-416D-479D-96D5-F837FE745A70} = {4F66F60E-14D7-4FD5-BAD9-A8452C5EAB7D}
		{2319E10B-0E15-41F6-B551-89A972A0129B} = {C5F8CF87-FF4A-407A-929D-516DAC5A9D1D}
		{D6E16A97-EB09-4F9D-AAA6-BB0FF1E6AF4A} = {2319E10B-0E15-41F6-B551-89A972A0129B}
		{35FDB920-8419-4942-86F2-0DC095DD8BB3} = {2319E10B-0E15-41F6-B551-89A972A0129B}
		{98D03625-F78E-4698-84A5-CD66B25E18D0} = {2319E10B-0E15-41F6-B551-89A972A0129B}
		{EF2A6878-4513-475F-B51B-C9D4CED11F7E} = {2319E10B-0E15-41F6-B551-89A972A0129B}
		{0800DB74-0949-4F2D-8C71-5299F587CCE2} = {2319E10B-0E15-41F6-B551-89A972A0129B}
		{39CFD89B-4819-4900-8267-2DF57C29B8D8} = {2319E10B-0E15-41F6-B551-89A972A0129B}
		{FCAEE70B-EE82-46A8-9F5F-FB2E75C433FC} = {2319E10B-0E15-41F6-B551-89A972A0129B}
		{6230AD17-8250-49B0-82D6-C9935B1BEB2F} = {C5F8CF87-FF4A-407A-929D-516DAC5A9D1D}
		{BB5B5208-602B-42B4-BBA7-0AF81359E591} = {6230AD17-8250-49B0-82D6-C9935B1BEB2F}
		{7E9BFD43-480B-4A17-B620-CC311EBDDCAF} = {6230AD17-8250-49B0-82D6-C9935B1BEB2F}
		{369ADCC9-F349-4AA0-B535-61E92A80331B} = {6230AD17-8250-49B0-82D6-C9935B1BEB2F}
		{3FFA0613-D172-4888-8AD9-0489BB6DD0E3} = {6230AD17-8250-49B0-82D6-C9935B1BEB2F}
		{4A1D7ABE-ED42-405F-932C-E21EB8194F2F} = {6230AD17-8250-49B0-82D6-C9935B1BEB2F}
		{223462F6-68A0-4C64-980E-281792CA1472} = {6230AD17-8250-49B0-82D6-C9935B1BEB2F}
		{C4FB96D1-98B4-4838-9565-EE3284FCF395} = {6230AD17-8250-49B0-82D6-C9935B1BEB2F}
		{EF6BD2E0-5776-4C62-A995-3FCD610839D3} = {6230AD17-8250-49B0-82D6-C9935B1BEB2F}
		{DD3D8DEC-6A92-4D71-99E4-36A3053DFC46} = {6230AD17-8250-49B0-82D6-C9935B1BEB2F}
		{244E56AC-5132-4293-837B-45EAC71B2082} = {6230AD17-8250-49B0-82D6-C9935B1BEB2F}
		{9DF4261A-6CE9-43FC-8E64-BF5A3EEA910F} = {6230AD17-8250-49B0-82D6-C9935B1BEB2F}
		{089C43DD-1EA6-4FE4-928D-A797DABA0E66} = {CA9AC87F-097E-4F15-8393-4BC07735A5B0}
		{A7758D67-960E-43A9-A316-BEF583FD2816} = {CA9AC87F-097E-4F15-8393-4BC07735A5B0}
		{8E3944EB-6BE1-44FB-B093-AC95C1518F03} = {CA9AC87F-097E-4F15-8393-4BC07735A5B0}
		{AB26EC54-F9E3-4C56-B72A-ED5021014A0A} = {CA9AC87F-097E-4F15-8393-4BC07735A5B0}
		{47DE9506-AAEE-4FA6-AD4F-392BCD762296} = {CA9AC87F-097E-4F15-8393-4BC07735A5B0}
		{A2DDD318-749B-4769-866E-D8D66D49C4E9} = {CA9AC87F-097E-4F15-8393-4BC07735A5B0}
		{2C426C02-87DB-4EF9-A4E3-1F0E60AFABF1} = {CA9AC87F-097E-4F15-8393-4BC07735A5B0}
		{CE792F48-5F9A-4958-AA28-5558B78CBFEC} = {2319E10B-0E15-41F6-B551-89A972A0129B}
		{7CF67573-CEA7-4508-A7DC-BFF426DADE54} = {CA9AC87F-097E-4F15-8393-4BC07735A5B0}
		{40604230-C0E6-4F05-8680-9C34B4AFB5A1} = {C5F8CF87-FF4A-407A-929D-516DAC5A9D1D}
		{6367AB34-23FF-424E-BA5E-077E79BB83DC} = {40604230-C0E6-4F05-8680-9C34B4AFB5A1}
		{229B6F64-B4E7-48A2-B1AD-57148A70A48B} = {40604230-C0E6-4F05-8680-9C34B4AFB5A1}
		{1501F21C-09FE-4A17-9A40-CC2CB9BDC94F} = {40604230-C0E6-4F05-8680-9C34B4AFB5A1}
		{935AF392-17BB-4904-BB8B-D7A302BBAA45} = {40604230-C0E6-4F05-8680-9C34B4AFB5A1}
	EndGlobalSection
	GlobalSection(ExtensibilityGlobals) = postSolution
		SolutionGuid = {28315BFD-90E7-4E14-A2EA-F3D23AF4126F}
	EndGlobalSection
EndGlobal
